// !$*UTF8*$!
{
	archiveVersion = 1;
	classes = {
	};
	objectVersion = 46;
	objects = {

/* Begin PBXBuildFile section */
		A663784615ED50F1004A7D3D /* QuartzCore.framework in Frameworks */ = {isa = PBXBuildFile; fileRef = A663784515ED50F1004A7D3D /* QuartzCore.framework */; };
		A663784815ED50F1004A7D3D /* OpenGLES.framework in Frameworks */ = {isa = PBXBuildFile; fileRef = A663784715ED50F1004A7D3D /* OpenGLES.framework */; };
		A663784A15ED50F1004A7D3D /* OpenAL.framework in Frameworks */ = {isa = PBXBuildFile; fileRef = A663784915ED50F1004A7D3D /* OpenAL.framework */; };
		A663784C15ED50F1004A7D3D /* AudioToolbox.framework in Frameworks */ = {isa = PBXBuildFile; fileRef = A663784B15ED50F1004A7D3D /* AudioToolbox.framework */; };
		A663784E15ED50F1004A7D3D /* AVFoundation.framework in Frameworks */ = {isa = PBXBuildFile; fileRef = A663784D15ED50F1004A7D3D /* AVFoundation.framework */; };
		A663785015ED50F1004A7D3D /* UIKit.framework in Frameworks */ = {isa = PBXBuildFile; fileRef = A663784F15ED50F1004A7D3D /* UIKit.framework */; };
		A663785215ED50F1004A7D3D /* Foundation.framework in Frameworks */ = {isa = PBXBuildFile; fileRef = A663785115ED50F1004A7D3D /* Foundation.framework */; };
		A663785415ED50F1004A7D3D /* CoreGraphics.framework in Frameworks */ = {isa = PBXBuildFile; fileRef = A663785315ED50F1004A7D3D /* CoreGraphics.framework */; };
		A663785615ED50F1004A7D3D /* GameKit.framework in Frameworks */ = {isa = PBXBuildFile; fileRef = A663785515ED50F1004A7D3D /* GameKit.framework */; };
		A663785A15ED50F1004A7D3D /* Default.png in Resources */ = {isa = PBXBuildFile; fileRef = A663785915ED50F1004A7D3D /* Default.png */; };
		A663785C15ED50F1004A7D3D /* fps_images.png in Resources */ = {isa = PBXBuildFile; fileRef = A663785B15ED50F1004A7D3D /* fps_images.png */; };
		A663785E15ED50F1004A7D3D /* fps_images-hd.png in Resources */ = {isa = PBXBuildFile; fileRef = A663785D15ED50F1004A7D3D /* fps_images-hd.png */; };
		A663786015ED50F1004A7D3D /* fps_images-ipadhd.png in Resources */ = {isa = PBXBuildFile; fileRef = A663785F15ED50F1004A7D3D /* fps_images-ipadhd.png */; };
		A663786215ED50F1004A7D3D /* Icon-72.png in Resources */ = {isa = PBXBuildFile; fileRef = A663786115ED50F1004A7D3D /* Icon-72.png */; };
		A663786415ED50F1004A7D3D /* Icon-Small-50.png in Resources */ = {isa = PBXBuildFile; fileRef = A663786315ED50F1004A7D3D /* Icon-Small-50.png */; };
		A663786615ED50F1004A7D3D /* Icon-Small.png in Resources */ = {isa = PBXBuildFile; fileRef = A663786515ED50F1004A7D3D /* Icon-Small.png */; };
		A663786815ED50F1004A7D3D /* Icon-Small@2x.png in Resources */ = {isa = PBXBuildFile; fileRef = A663786715ED50F1004A7D3D /* Icon-Small@2x.png */; };
		A663786A15ED50F1004A7D3D /* Icon.png in Resources */ = {isa = PBXBuildFile; fileRef = A663786915ED50F1004A7D3D /* Icon.png */; };
		A663786C15ED50F1004A7D3D /* Icon@2x.png in Resources */ = {isa = PBXBuildFile; fileRef = A663786B15ED50F1004A7D3D /* Icon@2x.png */; };
		A663786F15ED50F1004A7D3D /* iTunesArtwork in Resources */ = {isa = PBXBuildFile; fileRef = A663786E15ED50F1004A7D3D /* iTunesArtwork */; };
		A663787415ED50F1004A7D3D /* CCAction.m in Sources */ = {isa = PBXBuildFile; fileRef = A663787315ED50F1004A7D3D /* CCAction.m */; };
		A663787715ED50F1004A7D3D /* CCActionCamera.m in Sources */ = {isa = PBXBuildFile; fileRef = A663787615ED50F1004A7D3D /* CCActionCamera.m */; };
		A663787A15ED50F1004A7D3D /* CCActionCatmullRom.m in Sources */ = {isa = PBXBuildFile; fileRef = A663787915ED50F1004A7D3D /* CCActionCatmullRom.m */; };
		A663787D15ED50F1004A7D3D /* CCActionEase.m in Sources */ = {isa = PBXBuildFile; fileRef = A663787C15ED50F1004A7D3D /* CCActionEase.m */; };
		A663788015ED50F1004A7D3D /* CCActionGrid.m in Sources */ = {isa = PBXBuildFile; fileRef = A663787F15ED50F1004A7D3D /* CCActionGrid.m */; };
		A663788315ED50F1004A7D3D /* CCActionGrid3D.m in Sources */ = {isa = PBXBuildFile; fileRef = A663788215ED50F1004A7D3D /* CCActionGrid3D.m */; };
		A663788615ED50F1004A7D3D /* CCActionInstant.m in Sources */ = {isa = PBXBuildFile; fileRef = A663788515ED50F1004A7D3D /* CCActionInstant.m */; };
		A663788915ED50F1004A7D3D /* CCActionInterval.m in Sources */ = {isa = PBXBuildFile; fileRef = A663788815ED50F1004A7D3D /* CCActionInterval.m */; };
		A663788C15ED50F1004A7D3D /* CCActionManager.m in Sources */ = {isa = PBXBuildFile; fileRef = A663788B15ED50F1004A7D3D /* CCActionManager.m */; };
		A663788F15ED50F1004A7D3D /* CCActionPageTurn3D.m in Sources */ = {isa = PBXBuildFile; fileRef = A663788E15ED50F1004A7D3D /* CCActionPageTurn3D.m */; };
		A663789215ED50F1004A7D3D /* CCActionProgressTimer.m in Sources */ = {isa = PBXBuildFile; fileRef = A663789115ED50F1004A7D3D /* CCActionProgressTimer.m */; };
		A663789515ED50F1004A7D3D /* CCActionTiledGrid.m in Sources */ = {isa = PBXBuildFile; fileRef = A663789415ED50F1004A7D3D /* CCActionTiledGrid.m */; };
		A663789815ED50F1004A7D3D /* CCActionTween.m in Sources */ = {isa = PBXBuildFile; fileRef = A663789715ED50F1004A7D3D /* CCActionTween.m */; };
		A663789B15ED50F1004A7D3D /* CCAnimation.m in Sources */ = {isa = PBXBuildFile; fileRef = A663789A15ED50F1004A7D3D /* CCAnimation.m */; };
		A663789E15ED50F1004A7D3D /* CCAnimationCache.m in Sources */ = {isa = PBXBuildFile; fileRef = A663789D15ED50F1004A7D3D /* CCAnimationCache.m */; };
		A66378A115ED50F1004A7D3D /* CCAtlasNode.m in Sources */ = {isa = PBXBuildFile; fileRef = A66378A015ED50F1004A7D3D /* CCAtlasNode.m */; };
		A66378A415ED50F1004A7D3D /* CCCamera.m in Sources */ = {isa = PBXBuildFile; fileRef = A66378A315ED50F1004A7D3D /* CCCamera.m */; };
		A66378A815ED50F1004A7D3D /* CCConfiguration.m in Sources */ = {isa = PBXBuildFile; fileRef = A66378A715ED50F1004A7D3D /* CCConfiguration.m */; };
		A66378AB15ED50F1004A7D3D /* ccDeprecated.m in Sources */ = {isa = PBXBuildFile; fileRef = A66378AA15ED50F1004A7D3D /* ccDeprecated.m */; };
		A66378AE15ED50F1004A7D3D /* CCDirector.m in Sources */ = {isa = PBXBuildFile; fileRef = A66378AD15ED50F1004A7D3D /* CCDirector.m */; };
		A66378B115ED50F2004A7D3D /* CCDrawingPrimitives.m in Sources */ = {isa = PBXBuildFile; fileRef = A66378B015ED50F2004A7D3D /* CCDrawingPrimitives.m */; };
		A66378B415ED50F2004A7D3D /* CCGLProgram.m in Sources */ = {isa = PBXBuildFile; fileRef = A66378B315ED50F2004A7D3D /* CCGLProgram.m */; };
		A66378B715ED50F2004A7D3D /* ccGLStateCache.m in Sources */ = {isa = PBXBuildFile; fileRef = A66378B615ED50F2004A7D3D /* ccGLStateCache.m */; };
		A66378BA15ED50F2004A7D3D /* CCGrabber.m in Sources */ = {isa = PBXBuildFile; fileRef = A66378B915ED50F2004A7D3D /* CCGrabber.m */; };
		A66378BD15ED50F2004A7D3D /* CCGrid.m in Sources */ = {isa = PBXBuildFile; fileRef = A66378BC15ED50F2004A7D3D /* CCGrid.m */; };
		A66378C015ED50F2004A7D3D /* CCLabelAtlas.m in Sources */ = {isa = PBXBuildFile; fileRef = A66378BF15ED50F2004A7D3D /* CCLabelAtlas.m */; };
		A66378C315ED50F2004A7D3D /* CCLabelBMFont.m in Sources */ = {isa = PBXBuildFile; fileRef = A66378C215ED50F2004A7D3D /* CCLabelBMFont.m */; };
		A66378C615ED50F2004A7D3D /* CCLabelTTF.m in Sources */ = {isa = PBXBuildFile; fileRef = A66378C515ED50F2004A7D3D /* CCLabelTTF.m */; };
		A66378C915ED50F2004A7D3D /* CCLayer.m in Sources */ = {isa = PBXBuildFile; fileRef = A66378C815ED50F2004A7D3D /* CCLayer.m */; };
		A66378CD15ED50F2004A7D3D /* CCMenu.m in Sources */ = {isa = PBXBuildFile; fileRef = A66378CC15ED50F2004A7D3D /* CCMenu.m */; };
		A66378D015ED50F2004A7D3D /* CCMenuItem.m in Sources */ = {isa = PBXBuildFile; fileRef = A66378CF15ED50F2004A7D3D /* CCMenuItem.m */; };
		A66378D315ED50F2004A7D3D /* CCMotionStreak.m in Sources */ = {isa = PBXBuildFile; fileRef = A66378D215ED50F2004A7D3D /* CCMotionStreak.m */; };
		A66378D615ED50F2004A7D3D /* CCNode+Debug.m in Sources */ = {isa = PBXBuildFile; fileRef = A66378D515ED50F2004A7D3D /* CCNode+Debug.m */; };
		A66378D915ED50F2004A7D3D /* CCNode.m in Sources */ = {isa = PBXBuildFile; fileRef = A66378D815ED50F2004A7D3D /* CCNode.m */; };
		A66378DC15ED50F2004A7D3D /* CCParallaxNode.m in Sources */ = {isa = PBXBuildFile; fileRef = A66378DB15ED50F2004A7D3D /* CCParallaxNode.m */; };
		A66378DF15ED50F2004A7D3D /* CCParticleBatchNode.m in Sources */ = {isa = PBXBuildFile; fileRef = A66378DE15ED50F2004A7D3D /* CCParticleBatchNode.m */; };
		A66378E215ED50F2004A7D3D /* CCParticleExamples.m in Sources */ = {isa = PBXBuildFile; fileRef = A66378E115ED50F2004A7D3D /* CCParticleExamples.m */; };
		A66378E515ED50F2004A7D3D /* CCParticleSystem.m in Sources */ = {isa = PBXBuildFile; fileRef = A66378E415ED50F2004A7D3D /* CCParticleSystem.m */; };
		A66378E815ED50F2004A7D3D /* CCParticleSystemQuad.m in Sources */ = {isa = PBXBuildFile; fileRef = A66378E715ED50F2004A7D3D /* CCParticleSystemQuad.m */; };
		A66378EB15ED50F2004A7D3D /* CCProgressTimer.m in Sources */ = {isa = PBXBuildFile; fileRef = A66378EA15ED50F2004A7D3D /* CCProgressTimer.m */; };
		A66378EF15ED50F2004A7D3D /* CCRenderTexture.m in Sources */ = {isa = PBXBuildFile; fileRef = A66378EE15ED50F2004A7D3D /* CCRenderTexture.m */; };
		A66378F215ED50F2004A7D3D /* CCScene.m in Sources */ = {isa = PBXBuildFile; fileRef = A66378F115ED50F2004A7D3D /* CCScene.m */; };
		A66378F515ED50F2004A7D3D /* CCScheduler.m in Sources */ = {isa = PBXBuildFile; fileRef = A66378F415ED50F2004A7D3D /* CCScheduler.m */; };
		A663790515ED50F2004A7D3D /* CCShaderCache.m in Sources */ = {isa = PBXBuildFile; fileRef = A663790415ED50F2004A7D3D /* CCShaderCache.m */; };
		A663790815ED50F2004A7D3D /* ccShaders.m in Sources */ = {isa = PBXBuildFile; fileRef = A663790715ED50F2004A7D3D /* ccShaders.m */; };
		A663790B15ED50F2004A7D3D /* CCSprite.m in Sources */ = {isa = PBXBuildFile; fileRef = A663790A15ED50F2004A7D3D /* CCSprite.m */; };
		A663790E15ED50F2004A7D3D /* CCSpriteBatchNode.m in Sources */ = {isa = PBXBuildFile; fileRef = A663790D15ED50F2004A7D3D /* CCSpriteBatchNode.m */; };
		A663791115ED50F2004A7D3D /* CCSpriteFrame.m in Sources */ = {isa = PBXBuildFile; fileRef = A663791015ED50F2004A7D3D /* CCSpriteFrame.m */; };
		A663791415ED50F2004A7D3D /* CCSpriteFrameCache.m in Sources */ = {isa = PBXBuildFile; fileRef = A663791315ED50F2004A7D3D /* CCSpriteFrameCache.m */; };
		A663791715ED50F2004A7D3D /* CCTexture2D.m in Sources */ = {isa = PBXBuildFile; fileRef = A663791615ED50F2004A7D3D /* CCTexture2D.m */; };
		A663791A15ED50F2004A7D3D /* CCTextureAtlas.m in Sources */ = {isa = PBXBuildFile; fileRef = A663791915ED50F2004A7D3D /* CCTextureAtlas.m */; };
		A663791D15ED50F2004A7D3D /* CCTextureCache.m in Sources */ = {isa = PBXBuildFile; fileRef = A663791C15ED50F2004A7D3D /* CCTextureCache.m */; };
		A663792015ED50F3004A7D3D /* CCTexturePVR.m in Sources */ = {isa = PBXBuildFile; fileRef = A663791F15ED50F3004A7D3D /* CCTexturePVR.m */; };
		A663792315ED50F3004A7D3D /* CCTileMapAtlas.m in Sources */ = {isa = PBXBuildFile; fileRef = A663792215ED50F3004A7D3D /* CCTileMapAtlas.m */; };
		A663792615ED50F3004A7D3D /* CCTMXLayer.m in Sources */ = {isa = PBXBuildFile; fileRef = A663792515ED50F3004A7D3D /* CCTMXLayer.m */; };
		A663792915ED50F3004A7D3D /* CCTMXObjectGroup.m in Sources */ = {isa = PBXBuildFile; fileRef = A663792815ED50F3004A7D3D /* CCTMXObjectGroup.m */; };
		A663792C15ED50F3004A7D3D /* CCTMXTiledMap.m in Sources */ = {isa = PBXBuildFile; fileRef = A663792B15ED50F3004A7D3D /* CCTMXTiledMap.m */; };
		A663792F15ED50F3004A7D3D /* CCTMXXMLParser.m in Sources */ = {isa = PBXBuildFile; fileRef = A663792E15ED50F3004A7D3D /* CCTMXXMLParser.m */; };
		A663793215ED50F3004A7D3D /* CCTransition.m in Sources */ = {isa = PBXBuildFile; fileRef = A663793115ED50F3004A7D3D /* CCTransition.m */; };
		A663793515ED50F3004A7D3D /* CCTransitionPageTurn.m in Sources */ = {isa = PBXBuildFile; fileRef = A663793415ED50F3004A7D3D /* CCTransitionPageTurn.m */; };
		A663793815ED50F3004A7D3D /* CCTransitionProgress.m in Sources */ = {isa = PBXBuildFile; fileRef = A663793715ED50F3004A7D3D /* CCTransitionProgress.m */; };
		A663793C15ED50F3004A7D3D /* cocos2d.m in Sources */ = {isa = PBXBuildFile; fileRef = A663793B15ED50F3004A7D3D /* cocos2d.m */; };
		A663794315ED50F3004A7D3D /* CCDirectorIOS.m in Sources */ = {isa = PBXBuildFile; fileRef = A663794215ED50F3004A7D3D /* CCDirectorIOS.m */; };
		A663794615ED50F3004A7D3D /* CCES2Renderer.m in Sources */ = {isa = PBXBuildFile; fileRef = A663794515ED50F3004A7D3D /* CCES2Renderer.m */; };
		A663794A15ED50F3004A7D3D /* CCGLView.m in Sources */ = {isa = PBXBuildFile; fileRef = A663794915ED50F3004A7D3D /* CCGLView.m */; };
		A663794E15ED50F3004A7D3D /* CCTouchDispatcher.m in Sources */ = {isa = PBXBuildFile; fileRef = A663794D15ED50F3004A7D3D /* CCTouchDispatcher.m */; };
		A663795115ED50F3004A7D3D /* CCTouchHandler.m in Sources */ = {isa = PBXBuildFile; fileRef = A663795015ED50F3004A7D3D /* CCTouchHandler.m */; };
		A663795515ED50F3004A7D3D /* CCDirectorMac.m in Sources */ = {isa = PBXBuildFile; fileRef = A663795415ED50F3004A7D3D /* CCDirectorMac.m */; };
		A663795815ED50F3004A7D3D /* CCEventDispatcher.m in Sources */ = {isa = PBXBuildFile; fileRef = A663795715ED50F3004A7D3D /* CCEventDispatcher.m */; };
		A663795B15ED50F3004A7D3D /* CCGLView.m in Sources */ = {isa = PBXBuildFile; fileRef = A663795A15ED50F3004A7D3D /* CCGLView.m */; };
		A663795E15ED50F3004A7D3D /* CCWindow.m in Sources */ = {isa = PBXBuildFile; fileRef = A663795D15ED50F3004A7D3D /* CCWindow.m */; };
		A663796115ED50F3004A7D3D /* base64.c in Sources */ = {isa = PBXBuildFile; fileRef = A663796015ED50F3004A7D3D /* base64.c */; };
		A663796515ED50F3004A7D3D /* CCArray.m in Sources */ = {isa = PBXBuildFile; fileRef = A663796415ED50F3004A7D3D /* CCArray.m */; };
		A663796815ED50F3004A7D3D /* ccCArray.m in Sources */ = {isa = PBXBuildFile; fileRef = A663796715ED50F3004A7D3D /* ccCArray.m */; };
		A663796B15ED50F3004A7D3D /* CCFileUtils.m in Sources */ = {isa = PBXBuildFile; fileRef = A663796A15ED50F3004A7D3D /* CCFileUtils.m */; };
		A663796E15ED50F3004A7D3D /* CCProfiling.m in Sources */ = {isa = PBXBuildFile; fileRef = A663796D15ED50F3004A7D3D /* CCProfiling.m */; };
		A663797015ED50F3004A7D3D /* ccUtils.c in Sources */ = {isa = PBXBuildFile; fileRef = A663796F15ED50F3004A7D3D /* ccUtils.c */; };
		A663797415ED50F3004A7D3D /* CCVertex.m in Sources */ = {isa = PBXBuildFile; fileRef = A663797315ED50F3004A7D3D /* CCVertex.m */; };
		A663797715ED50F3004A7D3D /* CGPointExtension.m in Sources */ = {isa = PBXBuildFile; fileRef = A663797615ED50F3004A7D3D /* CGPointExtension.m */; };
		A663797A15ED50F3004A7D3D /* NSThread+performBlock.m in Sources */ = {isa = PBXBuildFile; fileRef = A663797915ED50F3004A7D3D /* NSThread+performBlock.m */; };
		A663797E15ED50F3004A7D3D /* TGAlib.m in Sources */ = {isa = PBXBuildFile; fileRef = A663797D15ED50F3004A7D3D /* TGAlib.m */; };
		A663798115ED50F3004A7D3D /* TransformUtils.m in Sources */ = {isa = PBXBuildFile; fileRef = A663798015ED50F3004A7D3D /* TransformUtils.m */; };
		A663798615ED50F3004A7D3D /* ZipUtils.m in Sources */ = {isa = PBXBuildFile; fileRef = A663798515ED50F3004A7D3D /* ZipUtils.m */; };
		A663798B15ED50F3004A7D3D /* CDAudioManager.m in Sources */ = {isa = PBXBuildFile; fileRef = A663798A15ED50F3004A7D3D /* CDAudioManager.m */; };
		A663798F15ED50F3004A7D3D /* CDOpenALSupport.m in Sources */ = {isa = PBXBuildFile; fileRef = A663798E15ED50F3004A7D3D /* CDOpenALSupport.m */; };
		A663799215ED50F3004A7D3D /* CocosDenshion.m in Sources */ = {isa = PBXBuildFile; fileRef = A663799115ED50F3004A7D3D /* CocosDenshion.m */; };
		A663799515ED50F3004A7D3D /* SimpleAudioEngine.m in Sources */ = {isa = PBXBuildFile; fileRef = A663799415ED50F3004A7D3D /* SimpleAudioEngine.m */; };
		A66379AB15ED50F4004A7D3D /* aabb.c in Sources */ = {isa = PBXBuildFile; fileRef = A66379AA15ED50F4004A7D3D /* aabb.c */; };
		A66379AD15ED50F4004A7D3D /* ChangeLog in Resources */ = {isa = PBXBuildFile; fileRef = A66379AC15ED50F4004A7D3D /* ChangeLog */; };
		A66379B115ED50F4004A7D3D /* mat4stack.c in Sources */ = {isa = PBXBuildFile; fileRef = A66379B015ED50F4004A7D3D /* mat4stack.c */; };
		A66379B315ED50F4004A7D3D /* matrix.c in Sources */ = {isa = PBXBuildFile; fileRef = A66379B215ED50F4004A7D3D /* matrix.c */; };
		A66379B515ED50F4004A7D3D /* mat3.c in Sources */ = {isa = PBXBuildFile; fileRef = A66379B415ED50F4004A7D3D /* mat3.c */; };
		A66379B715ED50F4004A7D3D /* mat4.c in Sources */ = {isa = PBXBuildFile; fileRef = A66379B615ED50F4004A7D3D /* mat4.c */; };
		A66379B915ED50F4004A7D3D /* neon_matrix_impl.c in Sources */ = {isa = PBXBuildFile; fileRef = A66379B815ED50F4004A7D3D /* neon_matrix_impl.c */; };
		A66379BB15ED50F4004A7D3D /* plane.c in Sources */ = {isa = PBXBuildFile; fileRef = A66379BA15ED50F4004A7D3D /* plane.c */; };
		A66379BD15ED50F4004A7D3D /* quaternion.c in Sources */ = {isa = PBXBuildFile; fileRef = A66379BC15ED50F4004A7D3D /* quaternion.c */; };
		A66379BF15ED50F4004A7D3D /* ray2.c in Sources */ = {isa = PBXBuildFile; fileRef = A66379BE15ED50F4004A7D3D /* ray2.c */; };
		A66379C115ED50F4004A7D3D /* utility.c in Sources */ = {isa = PBXBuildFile; fileRef = A66379C015ED50F4004A7D3D /* utility.c */; };
		A66379C315ED50F4004A7D3D /* vec2.c in Sources */ = {isa = PBXBuildFile; fileRef = A66379C215ED50F4004A7D3D /* vec2.c */; };
		A66379C515ED50F4004A7D3D /* vec3.c in Sources */ = {isa = PBXBuildFile; fileRef = A66379C415ED50F4004A7D3D /* vec3.c */; };
		A66379C715ED50F4004A7D3D /* vec4.c in Sources */ = {isa = PBXBuildFile; fileRef = A66379C615ED50F4004A7D3D /* vec4.c */; };
		A66379CC15ED50F4004A7D3D /* main.m in Sources */ = {isa = PBXBuildFile; fileRef = A66379CB15ED50F4004A7D3D /* main.m */; };
		A66379CF15ED50F4004A7D3D /* AppDelegate.m in Sources */ = {isa = PBXBuildFile; fileRef = A66379CE15ED50F4004A7D3D /* AppDelegate.m */; };
		A66379D215ED50F4004A7D3D /* HelloWorldLayer.m in Sources */ = {isa = PBXBuildFile; fileRef = A66379D115ED50F4004A7D3D /* HelloWorldLayer.m */; };
/* End PBXBuildFile section */

/* Begin PBXFileReference section */
		A663784115ED50F1004A7D3D /* perlin.app */ = {isa = PBXFileReference; explicitFileType = wrapper.application; includeInIndex = 0; path = perlin.app; sourceTree = BUILT_PRODUCTS_DIR; };
		A663784515ED50F1004A7D3D /* QuartzCore.framework */ = {isa = PBXFileReference; lastKnownFileType = wrapper.framework; name = QuartzCore.framework; path = System/Library/Frameworks/QuartzCore.framework; sourceTree = SDKROOT; };
		A663784715ED50F1004A7D3D /* OpenGLES.framework */ = {isa = PBXFileReference; lastKnownFileType = wrapper.framework; name = OpenGLES.framework; path = System/Library/Frameworks/OpenGLES.framework; sourceTree = SDKROOT; };
		A663784915ED50F1004A7D3D /* OpenAL.framework */ = {isa = PBXFileReference; lastKnownFileType = wrapper.framework; name = OpenAL.framework; path = System/Library/Frameworks/OpenAL.framework; sourceTree = SDKROOT; };
		A663784B15ED50F1004A7D3D /* AudioToolbox.framework */ = {isa = PBXFileReference; lastKnownFileType = wrapper.framework; name = AudioToolbox.framework; path = System/Library/Frameworks/AudioToolbox.framework; sourceTree = SDKROOT; };
		A663784D15ED50F1004A7D3D /* AVFoundation.framework */ = {isa = PBXFileReference; lastKnownFileType = wrapper.framework; name = AVFoundation.framework; path = System/Library/Frameworks/AVFoundation.framework; sourceTree = SDKROOT; };
		A663784F15ED50F1004A7D3D /* UIKit.framework */ = {isa = PBXFileReference; lastKnownFileType = wrapper.framework; name = UIKit.framework; path = System/Library/Frameworks/UIKit.framework; sourceTree = SDKROOT; };
		A663785115ED50F1004A7D3D /* Foundation.framework */ = {isa = PBXFileReference; lastKnownFileType = wrapper.framework; name = Foundation.framework; path = System/Library/Frameworks/Foundation.framework; sourceTree = SDKROOT; };
		A663785315ED50F1004A7D3D /* CoreGraphics.framework */ = {isa = PBXFileReference; lastKnownFileType = wrapper.framework; name = CoreGraphics.framework; path = System/Library/Frameworks/CoreGraphics.framework; sourceTree = SDKROOT; };
		A663785515ED50F1004A7D3D /* GameKit.framework */ = {isa = PBXFileReference; lastKnownFileType = wrapper.framework; name = GameKit.framework; path = System/Library/Frameworks/GameKit.framework; sourceTree = SDKROOT; };
		A663785915ED50F1004A7D3D /* Default.png */ = {isa = PBXFileReference; lastKnownFileType = image.png; name = Default.png; path = Resources/Default.png; sourceTree = "<group>"; };
		A663785B15ED50F1004A7D3D /* fps_images.png */ = {isa = PBXFileReference; lastKnownFileType = image.png; name = fps_images.png; path = Resources/fps_images.png; sourceTree = "<group>"; };
		A663785D15ED50F1004A7D3D /* fps_images-hd.png */ = {isa = PBXFileReference; lastKnownFileType = image.png; name = "fps_images-hd.png"; path = "Resources/fps_images-hd.png"; sourceTree = "<group>"; };
		A663785F15ED50F1004A7D3D /* fps_images-ipadhd.png */ = {isa = PBXFileReference; lastKnownFileType = image.png; name = "fps_images-ipadhd.png"; path = "Resources/fps_images-ipadhd.png"; sourceTree = "<group>"; };
		A663786115ED50F1004A7D3D /* Icon-72.png */ = {isa = PBXFileReference; lastKnownFileType = image.png; name = "Icon-72.png"; path = "Resources/Icon-72.png"; sourceTree = "<group>"; };
		A663786315ED50F1004A7D3D /* Icon-Small-50.png */ = {isa = PBXFileReference; lastKnownFileType = image.png; name = "Icon-Small-50.png"; path = "Resources/Icon-Small-50.png"; sourceTree = "<group>"; };
		A663786515ED50F1004A7D3D /* Icon-Small.png */ = {isa = PBXFileReference; lastKnownFileType = image.png; name = "Icon-Small.png"; path = "Resources/Icon-Small.png"; sourceTree = "<group>"; };
		A663786715ED50F1004A7D3D /* Icon-Small@2x.png */ = {isa = PBXFileReference; lastKnownFileType = image.png; name = "Icon-Small@2x.png"; path = "Resources/Icon-Small@2x.png"; sourceTree = "<group>"; };
		A663786915ED50F1004A7D3D /* Icon.png */ = {isa = PBXFileReference; lastKnownFileType = image.png; name = Icon.png; path = Resources/Icon.png; sourceTree = "<group>"; };
		A663786B15ED50F1004A7D3D /* Icon@2x.png */ = {isa = PBXFileReference; lastKnownFileType = image.png; name = "Icon@2x.png"; path = "Resources/Icon@2x.png"; sourceTree = "<group>"; };
		A663786D15ED50F1004A7D3D /* Info.plist */ = {isa = PBXFileReference; name = Info.plist; path = Resources/Info.plist; sourceTree = "<group>"; };
		A663786E15ED50F1004A7D3D /* iTunesArtwork */ = {isa = PBXFileReference; lastKnownFileType = file; name = iTunesArtwork; path = Resources/iTunesArtwork; sourceTree = "<group>"; };
		A663787215ED50F1004A7D3D /* CCAction.h */ = {isa = PBXFileReference; name = CCAction.h; path = libs/cocos2d/CCAction.h; sourceTree = "<group>"; };
		A663787315ED50F1004A7D3D /* CCAction.m */ = {isa = PBXFileReference; lastKnownFileType = sourcecode.c.objc; name = CCAction.m; path = libs/cocos2d/CCAction.m; sourceTree = "<group>"; };
		A663787515ED50F1004A7D3D /* CCActionCamera.h */ = {isa = PBXFileReference; name = CCActionCamera.h; path = libs/cocos2d/CCActionCamera.h; sourceTree = "<group>"; };
		A663787615ED50F1004A7D3D /* CCActionCamera.m */ = {isa = PBXFileReference; lastKnownFileType = sourcecode.c.objc; name = CCActionCamera.m; path = libs/cocos2d/CCActionCamera.m; sourceTree = "<group>"; };
		A663787815ED50F1004A7D3D /* CCActionCatmullRom.h */ = {isa = PBXFileReference; name = CCActionCatmullRom.h; path = libs/cocos2d/CCActionCatmullRom.h; sourceTree = "<group>"; };
		A663787915ED50F1004A7D3D /* CCActionCatmullRom.m */ = {isa = PBXFileReference; lastKnownFileType = sourcecode.c.objc; name = CCActionCatmullRom.m; path = libs/cocos2d/CCActionCatmullRom.m; sourceTree = "<group>"; };
		A663787B15ED50F1004A7D3D /* CCActionEase.h */ = {isa = PBXFileReference; name = CCActionEase.h; path = libs/cocos2d/CCActionEase.h; sourceTree = "<group>"; };
		A663787C15ED50F1004A7D3D /* CCActionEase.m */ = {isa = PBXFileReference; lastKnownFileType = sourcecode.c.objc; name = CCActionEase.m; path = libs/cocos2d/CCActionEase.m; sourceTree = "<group>"; };
		A663787E15ED50F1004A7D3D /* CCActionGrid.h */ = {isa = PBXFileReference; name = CCActionGrid.h; path = libs/cocos2d/CCActionGrid.h; sourceTree = "<group>"; };
		A663787F15ED50F1004A7D3D /* CCActionGrid.m */ = {isa = PBXFileReference; lastKnownFileType = sourcecode.c.objc; name = CCActionGrid.m; path = libs/cocos2d/CCActionGrid.m; sourceTree = "<group>"; };
		A663788115ED50F1004A7D3D /* CCActionGrid3D.h */ = {isa = PBXFileReference; name = CCActionGrid3D.h; path = libs/cocos2d/CCActionGrid3D.h; sourceTree = "<group>"; };
		A663788215ED50F1004A7D3D /* CCActionGrid3D.m */ = {isa = PBXFileReference; lastKnownFileType = sourcecode.c.objc; name = CCActionGrid3D.m; path = libs/cocos2d/CCActionGrid3D.m; sourceTree = "<group>"; };
		A663788415ED50F1004A7D3D /* CCActionInstant.h */ = {isa = PBXFileReference; name = CCActionInstant.h; path = libs/cocos2d/CCActionInstant.h; sourceTree = "<group>"; };
		A663788515ED50F1004A7D3D /* CCActionInstant.m */ = {isa = PBXFileReference; lastKnownFileType = sourcecode.c.objc; name = CCActionInstant.m; path = libs/cocos2d/CCActionInstant.m; sourceTree = "<group>"; };
		A663788715ED50F1004A7D3D /* CCActionInterval.h */ = {isa = PBXFileReference; name = CCActionInterval.h; path = libs/cocos2d/CCActionInterval.h; sourceTree = "<group>"; };
		A663788815ED50F1004A7D3D /* CCActionInterval.m */ = {isa = PBXFileReference; lastKnownFileType = sourcecode.c.objc; name = CCActionInterval.m; path = libs/cocos2d/CCActionInterval.m; sourceTree = "<group>"; };
		A663788A15ED50F1004A7D3D /* CCActionManager.h */ = {isa = PBXFileReference; name = CCActionManager.h; path = libs/cocos2d/CCActionManager.h; sourceTree = "<group>"; };
		A663788B15ED50F1004A7D3D /* CCActionManager.m */ = {isa = PBXFileReference; lastKnownFileType = sourcecode.c.objc; name = CCActionManager.m; path = libs/cocos2d/CCActionManager.m; sourceTree = "<group>"; };
		A663788D15ED50F1004A7D3D /* CCActionPageTurn3D.h */ = {isa = PBXFileReference; name = CCActionPageTurn3D.h; path = libs/cocos2d/CCActionPageTurn3D.h; sourceTree = "<group>"; };
		A663788E15ED50F1004A7D3D /* CCActionPageTurn3D.m */ = {isa = PBXFileReference; lastKnownFileType = sourcecode.c.objc; name = CCActionPageTurn3D.m; path = libs/cocos2d/CCActionPageTurn3D.m; sourceTree = "<group>"; };
		A663789015ED50F1004A7D3D /* CCActionProgressTimer.h */ = {isa = PBXFileReference; name = CCActionProgressTimer.h; path = libs/cocos2d/CCActionProgressTimer.h; sourceTree = "<group>"; };
		A663789115ED50F1004A7D3D /* CCActionProgressTimer.m */ = {isa = PBXFileReference; lastKnownFileType = sourcecode.c.objc; name = CCActionProgressTimer.m; path = libs/cocos2d/CCActionProgressTimer.m; sourceTree = "<group>"; };
		A663789315ED50F1004A7D3D /* CCActionTiledGrid.h */ = {isa = PBXFileReference; name = CCActionTiledGrid.h; path = libs/cocos2d/CCActionTiledGrid.h; sourceTree = "<group>"; };
		A663789415ED50F1004A7D3D /* CCActionTiledGrid.m */ = {isa = PBXFileReference; lastKnownFileType = sourcecode.c.objc; name = CCActionTiledGrid.m; path = libs/cocos2d/CCActionTiledGrid.m; sourceTree = "<group>"; };
		A663789615ED50F1004A7D3D /* CCActionTween.h */ = {isa = PBXFileReference; name = CCActionTween.h; path = libs/cocos2d/CCActionTween.h; sourceTree = "<group>"; };
		A663789715ED50F1004A7D3D /* CCActionTween.m */ = {isa = PBXFileReference; lastKnownFileType = sourcecode.c.objc; name = CCActionTween.m; path = libs/cocos2d/CCActionTween.m; sourceTree = "<group>"; };
		A663789915ED50F1004A7D3D /* CCAnimation.h */ = {isa = PBXFileReference; name = CCAnimation.h; path = libs/cocos2d/CCAnimation.h; sourceTree = "<group>"; };
		A663789A15ED50F1004A7D3D /* CCAnimation.m */ = {isa = PBXFileReference; lastKnownFileType = sourcecode.c.objc; name = CCAnimation.m; path = libs/cocos2d/CCAnimation.m; sourceTree = "<group>"; };
		A663789C15ED50F1004A7D3D /* CCAnimationCache.h */ = {isa = PBXFileReference; name = CCAnimationCache.h; path = libs/cocos2d/CCAnimationCache.h; sourceTree = "<group>"; };
		A663789D15ED50F1004A7D3D /* CCAnimationCache.m */ = {isa = PBXFileReference; lastKnownFileType = sourcecode.c.objc; name = CCAnimationCache.m; path = libs/cocos2d/CCAnimationCache.m; sourceTree = "<group>"; };
		A663789F15ED50F1004A7D3D /* CCAtlasNode.h */ = {isa = PBXFileReference; name = CCAtlasNode.h; path = libs/cocos2d/CCAtlasNode.h; sourceTree = "<group>"; };
		A66378A015ED50F1004A7D3D /* CCAtlasNode.m */ = {isa = PBXFileReference; lastKnownFileType = sourcecode.c.objc; name = CCAtlasNode.m; path = libs/cocos2d/CCAtlasNode.m; sourceTree = "<group>"; };
		A66378A215ED50F1004A7D3D /* CCCamera.h */ = {isa = PBXFileReference; name = CCCamera.h; path = libs/cocos2d/CCCamera.h; sourceTree = "<group>"; };
		A66378A315ED50F1004A7D3D /* CCCamera.m */ = {isa = PBXFileReference; lastKnownFileType = sourcecode.c.objc; name = CCCamera.m; path = libs/cocos2d/CCCamera.m; sourceTree = "<group>"; };
		A66378A515ED50F1004A7D3D /* ccConfig.h */ = {isa = PBXFileReference; name = ccConfig.h; path = libs/cocos2d/ccConfig.h; sourceTree = "<group>"; };
		A66378A615ED50F1004A7D3D /* CCConfiguration.h */ = {isa = PBXFileReference; name = CCConfiguration.h; path = libs/cocos2d/CCConfiguration.h; sourceTree = "<group>"; };
		A66378A715ED50F1004A7D3D /* CCConfiguration.m */ = {isa = PBXFileReference; lastKnownFileType = sourcecode.c.objc; name = CCConfiguration.m; path = libs/cocos2d/CCConfiguration.m; sourceTree = "<group>"; };
		A66378A915ED50F1004A7D3D /* ccDeprecated.h */ = {isa = PBXFileReference; name = ccDeprecated.h; path = libs/cocos2d/ccDeprecated.h; sourceTree = "<group>"; };
		A66378AA15ED50F1004A7D3D /* ccDeprecated.m */ = {isa = PBXFileReference; lastKnownFileType = sourcecode.c.objc; name = ccDeprecated.m; path = libs/cocos2d/ccDeprecated.m; sourceTree = "<group>"; };
		A66378AC15ED50F1004A7D3D /* CCDirector.h */ = {isa = PBXFileReference; name = CCDirector.h; path = libs/cocos2d/CCDirector.h; sourceTree = "<group>"; };
		A66378AD15ED50F1004A7D3D /* CCDirector.m */ = {isa = PBXFileReference; lastKnownFileType = sourcecode.c.objc; name = CCDirector.m; path = libs/cocos2d/CCDirector.m; sourceTree = "<group>"; };
		A66378AF15ED50F2004A7D3D /* CCDrawingPrimitives.h */ = {isa = PBXFileReference; name = CCDrawingPrimitives.h; path = libs/cocos2d/CCDrawingPrimitives.h; sourceTree = "<group>"; };
		A66378B015ED50F2004A7D3D /* CCDrawingPrimitives.m */ = {isa = PBXFileReference; lastKnownFileType = sourcecode.c.objc; name = CCDrawingPrimitives.m; path = libs/cocos2d/CCDrawingPrimitives.m; sourceTree = "<group>"; };
		A66378B215ED50F2004A7D3D /* CCGLProgram.h */ = {isa = PBXFileReference; name = CCGLProgram.h; path = libs/cocos2d/CCGLProgram.h; sourceTree = "<group>"; };
		A66378B315ED50F2004A7D3D /* CCGLProgram.m */ = {isa = PBXFileReference; lastKnownFileType = sourcecode.c.objc; name = CCGLProgram.m; path = libs/cocos2d/CCGLProgram.m; sourceTree = "<group>"; };
		A66378B515ED50F2004A7D3D /* ccGLStateCache.h */ = {isa = PBXFileReference; name = ccGLStateCache.h; path = libs/cocos2d/ccGLStateCache.h; sourceTree = "<group>"; };
		A66378B615ED50F2004A7D3D /* ccGLStateCache.m */ = {isa = PBXFileReference; lastKnownFileType = sourcecode.c.objc; name = ccGLStateCache.m; path = libs/cocos2d/ccGLStateCache.m; sourceTree = "<group>"; };
		A66378B815ED50F2004A7D3D /* CCGrabber.h */ = {isa = PBXFileReference; name = CCGrabber.h; path = libs/cocos2d/CCGrabber.h; sourceTree = "<group>"; };
		A66378B915ED50F2004A7D3D /* CCGrabber.m */ = {isa = PBXFileReference; lastKnownFileType = sourcecode.c.objc; name = CCGrabber.m; path = libs/cocos2d/CCGrabber.m; sourceTree = "<group>"; };
		A66378BB15ED50F2004A7D3D /* CCGrid.h */ = {isa = PBXFileReference; name = CCGrid.h; path = libs/cocos2d/CCGrid.h; sourceTree = "<group>"; };
		A66378BC15ED50F2004A7D3D /* CCGrid.m */ = {isa = PBXFileReference; lastKnownFileType = sourcecode.c.objc; name = CCGrid.m; path = libs/cocos2d/CCGrid.m; sourceTree = "<group>"; };
		A66378BE15ED50F2004A7D3D /* CCLabelAtlas.h */ = {isa = PBXFileReference; name = CCLabelAtlas.h; path = libs/cocos2d/CCLabelAtlas.h; sourceTree = "<group>"; };
		A66378BF15ED50F2004A7D3D /* CCLabelAtlas.m */ = {isa = PBXFileReference; lastKnownFileType = sourcecode.c.objc; name = CCLabelAtlas.m; path = libs/cocos2d/CCLabelAtlas.m; sourceTree = "<group>"; };
		A66378C115ED50F2004A7D3D /* CCLabelBMFont.h */ = {isa = PBXFileReference; name = CCLabelBMFont.h; path = libs/cocos2d/CCLabelBMFont.h; sourceTree = "<group>"; };
		A66378C215ED50F2004A7D3D /* CCLabelBMFont.m */ = {isa = PBXFileReference; lastKnownFileType = sourcecode.c.objc; name = CCLabelBMFont.m; path = libs/cocos2d/CCLabelBMFont.m; sourceTree = "<group>"; };
		A66378C415ED50F2004A7D3D /* CCLabelTTF.h */ = {isa = PBXFileReference; name = CCLabelTTF.h; path = libs/cocos2d/CCLabelTTF.h; sourceTree = "<group>"; };
		A66378C515ED50F2004A7D3D /* CCLabelTTF.m */ = {isa = PBXFileReference; lastKnownFileType = sourcecode.c.objc; name = CCLabelTTF.m; path = libs/cocos2d/CCLabelTTF.m; sourceTree = "<group>"; };
		A66378C715ED50F2004A7D3D /* CCLayer.h */ = {isa = PBXFileReference; name = CCLayer.h; path = libs/cocos2d/CCLayer.h; sourceTree = "<group>"; };
		A66378C815ED50F2004A7D3D /* CCLayer.m */ = {isa = PBXFileReference; lastKnownFileType = sourcecode.c.objc; name = CCLayer.m; path = libs/cocos2d/CCLayer.m; sourceTree = "<group>"; };
		A66378CA15ED50F2004A7D3D /* ccMacros.h */ = {isa = PBXFileReference; name = ccMacros.h; path = libs/cocos2d/ccMacros.h; sourceTree = "<group>"; };
		A66378CB15ED50F2004A7D3D /* CCMenu.h */ = {isa = PBXFileReference; name = CCMenu.h; path = libs/cocos2d/CCMenu.h; sourceTree = "<group>"; };
		A66378CC15ED50F2004A7D3D /* CCMenu.m */ = {isa = PBXFileReference; lastKnownFileType = sourcecode.c.objc; name = CCMenu.m; path = libs/cocos2d/CCMenu.m; sourceTree = "<group>"; };
		A66378CE15ED50F2004A7D3D /* CCMenuItem.h */ = {isa = PBXFileReference; name = CCMenuItem.h; path = libs/cocos2d/CCMenuItem.h; sourceTree = "<group>"; };
		A66378CF15ED50F2004A7D3D /* CCMenuItem.m */ = {isa = PBXFileReference; lastKnownFileType = sourcecode.c.objc; name = CCMenuItem.m; path = libs/cocos2d/CCMenuItem.m; sourceTree = "<group>"; };
		A66378D115ED50F2004A7D3D /* CCMotionStreak.h */ = {isa = PBXFileReference; name = CCMotionStreak.h; path = libs/cocos2d/CCMotionStreak.h; sourceTree = "<group>"; };
		A66378D215ED50F2004A7D3D /* CCMotionStreak.m */ = {isa = PBXFileReference; lastKnownFileType = sourcecode.c.objc; name = CCMotionStreak.m; path = libs/cocos2d/CCMotionStreak.m; sourceTree = "<group>"; };
		A66378D415ED50F2004A7D3D /* CCNode+Debug.h */ = {isa = PBXFileReference; name = "CCNode+Debug.h"; path = "libs/cocos2d/CCNode+Debug.h"; sourceTree = "<group>"; };
		A66378D515ED50F2004A7D3D /* CCNode+Debug.m */ = {isa = PBXFileReference; lastKnownFileType = sourcecode.c.objc; name = "CCNode+Debug.m"; path = "libs/cocos2d/CCNode+Debug.m"; sourceTree = "<group>"; };
		A66378D715ED50F2004A7D3D /* CCNode.h */ = {isa = PBXFileReference; name = CCNode.h; path = libs/cocos2d/CCNode.h; sourceTree = "<group>"; };
		A66378D815ED50F2004A7D3D /* CCNode.m */ = {isa = PBXFileReference; lastKnownFileType = sourcecode.c.objc; name = CCNode.m; path = libs/cocos2d/CCNode.m; sourceTree = "<group>"; };
		A66378DA15ED50F2004A7D3D /* CCParallaxNode.h */ = {isa = PBXFileReference; name = CCParallaxNode.h; path = libs/cocos2d/CCParallaxNode.h; sourceTree = "<group>"; };
		A66378DB15ED50F2004A7D3D /* CCParallaxNode.m */ = {isa = PBXFileReference; lastKnownFileType = sourcecode.c.objc; name = CCParallaxNode.m; path = libs/cocos2d/CCParallaxNode.m; sourceTree = "<group>"; };
		A66378DD15ED50F2004A7D3D /* CCParticleBatchNode.h */ = {isa = PBXFileReference; name = CCParticleBatchNode.h; path = libs/cocos2d/CCParticleBatchNode.h; sourceTree = "<group>"; };
		A66378DE15ED50F2004A7D3D /* CCParticleBatchNode.m */ = {isa = PBXFileReference; lastKnownFileType = sourcecode.c.objc; name = CCParticleBatchNode.m; path = libs/cocos2d/CCParticleBatchNode.m; sourceTree = "<group>"; };
		A66378E015ED50F2004A7D3D /* CCParticleExamples.h */ = {isa = PBXFileReference; name = CCParticleExamples.h; path = libs/cocos2d/CCParticleExamples.h; sourceTree = "<group>"; };
		A66378E115ED50F2004A7D3D /* CCParticleExamples.m */ = {isa = PBXFileReference; lastKnownFileType = sourcecode.c.objc; name = CCParticleExamples.m; path = libs/cocos2d/CCParticleExamples.m; sourceTree = "<group>"; };
		A66378E315ED50F2004A7D3D /* CCParticleSystem.h */ = {isa = PBXFileReference; name = CCParticleSystem.h; path = libs/cocos2d/CCParticleSystem.h; sourceTree = "<group>"; };
		A66378E415ED50F2004A7D3D /* CCParticleSystem.m */ = {isa = PBXFileReference; lastKnownFileType = sourcecode.c.objc; name = CCParticleSystem.m; path = libs/cocos2d/CCParticleSystem.m; sourceTree = "<group>"; };
		A66378E615ED50F2004A7D3D /* CCParticleSystemQuad.h */ = {isa = PBXFileReference; name = CCParticleSystemQuad.h; path = libs/cocos2d/CCParticleSystemQuad.h; sourceTree = "<group>"; };
		A66378E715ED50F2004A7D3D /* CCParticleSystemQuad.m */ = {isa = PBXFileReference; lastKnownFileType = sourcecode.c.objc; name = CCParticleSystemQuad.m; path = libs/cocos2d/CCParticleSystemQuad.m; sourceTree = "<group>"; };
		A66378E915ED50F2004A7D3D /* CCProgressTimer.h */ = {isa = PBXFileReference; name = CCProgressTimer.h; path = libs/cocos2d/CCProgressTimer.h; sourceTree = "<group>"; };
		A66378EA15ED50F2004A7D3D /* CCProgressTimer.m */ = {isa = PBXFileReference; lastKnownFileType = sourcecode.c.objc; name = CCProgressTimer.m; path = libs/cocos2d/CCProgressTimer.m; sourceTree = "<group>"; };
		A66378EC15ED50F2004A7D3D /* CCProtocols.h */ = {isa = PBXFileReference; name = CCProtocols.h; path = libs/cocos2d/CCProtocols.h; sourceTree = "<group>"; };
		A66378ED15ED50F2004A7D3D /* CCRenderTexture.h */ = {isa = PBXFileReference; name = CCRenderTexture.h; path = libs/cocos2d/CCRenderTexture.h; sourceTree = "<group>"; };
		A66378EE15ED50F2004A7D3D /* CCRenderTexture.m */ = {isa = PBXFileReference; lastKnownFileType = sourcecode.c.objc; name = CCRenderTexture.m; path = libs/cocos2d/CCRenderTexture.m; sourceTree = "<group>"; };
		A66378F015ED50F2004A7D3D /* CCScene.h */ = {isa = PBXFileReference; name = CCScene.h; path = libs/cocos2d/CCScene.h; sourceTree = "<group>"; };
		A66378F115ED50F2004A7D3D /* CCScene.m */ = {isa = PBXFileReference; lastKnownFileType = sourcecode.c.objc; name = CCScene.m; path = libs/cocos2d/CCScene.m; sourceTree = "<group>"; };
		A66378F315ED50F2004A7D3D /* CCScheduler.h */ = {isa = PBXFileReference; name = CCScheduler.h; path = libs/cocos2d/CCScheduler.h; sourceTree = "<group>"; };
		A66378F415ED50F2004A7D3D /* CCScheduler.m */ = {isa = PBXFileReference; lastKnownFileType = sourcecode.c.objc; name = CCScheduler.m; path = libs/cocos2d/CCScheduler.m; sourceTree = "<group>"; };
		A66378F615ED50F2004A7D3D /* ccShader_Position_uColor_frag.h */ = {isa = PBXFileReference; name = ccShader_Position_uColor_frag.h; path = libs/cocos2d/ccShader_Position_uColor_frag.h; sourceTree = "<group>"; };
		A66378F715ED50F2004A7D3D /* ccShader_Position_uColor_vert.h */ = {isa = PBXFileReference; name = ccShader_Position_uColor_vert.h; path = libs/cocos2d/ccShader_Position_uColor_vert.h; sourceTree = "<group>"; };
		A66378F815ED50F2004A7D3D /* ccShader_PositionColor_frag.h */ = {isa = PBXFileReference; name = ccShader_PositionColor_frag.h; path = libs/cocos2d/ccShader_PositionColor_frag.h; sourceTree = "<group>"; };
		A66378F915ED50F2004A7D3D /* ccShader_PositionColor_vert.h */ = {isa = PBXFileReference; name = ccShader_PositionColor_vert.h; path = libs/cocos2d/ccShader_PositionColor_vert.h; sourceTree = "<group>"; };
		A66378FA15ED50F2004A7D3D /* ccShader_PositionTexture_frag.h */ = {isa = PBXFileReference; name = ccShader_PositionTexture_frag.h; path = libs/cocos2d/ccShader_PositionTexture_frag.h; sourceTree = "<group>"; };
		A66378FB15ED50F2004A7D3D /* ccShader_PositionTexture_uColor_frag.h */ = {isa = PBXFileReference; name = ccShader_PositionTexture_uColor_frag.h; path = libs/cocos2d/ccShader_PositionTexture_uColor_frag.h; sourceTree = "<group>"; };
		A66378FC15ED50F2004A7D3D /* ccShader_PositionTexture_uColor_vert.h */ = {isa = PBXFileReference; name = ccShader_PositionTexture_uColor_vert.h; path = libs/cocos2d/ccShader_PositionTexture_uColor_vert.h; sourceTree = "<group>"; };
		A66378FD15ED50F2004A7D3D /* ccShader_PositionTexture_vert.h */ = {isa = PBXFileReference; name = ccShader_PositionTexture_vert.h; path = libs/cocos2d/ccShader_PositionTexture_vert.h; sourceTree = "<group>"; };
		A66378FE15ED50F2004A7D3D /* ccShader_PositionTextureA8Color_frag.h */ = {isa = PBXFileReference; name = ccShader_PositionTextureA8Color_frag.h; path = libs/cocos2d/ccShader_PositionTextureA8Color_frag.h; sourceTree = "<group>"; };
		A66378FF15ED50F2004A7D3D /* ccShader_PositionTextureA8Color_vert.h */ = {isa = PBXFileReference; name = ccShader_PositionTextureA8Color_vert.h; path = libs/cocos2d/ccShader_PositionTextureA8Color_vert.h; sourceTree = "<group>"; };
		A663790015ED50F2004A7D3D /* ccShader_PositionTextureColor_frag.h */ = {isa = PBXFileReference; name = ccShader_PositionTextureColor_frag.h; path = libs/cocos2d/ccShader_PositionTextureColor_frag.h; sourceTree = "<group>"; };
		A663790115ED50F2004A7D3D /* ccShader_PositionTextureColor_vert.h */ = {isa = PBXFileReference; name = ccShader_PositionTextureColor_vert.h; path = libs/cocos2d/ccShader_PositionTextureColor_vert.h; sourceTree = "<group>"; };
		A663790215ED50F2004A7D3D /* ccShader_PositionTextureColorAlphaTest_frag.h */ = {isa = PBXFileReference; name = ccShader_PositionTextureColorAlphaTest_frag.h; path = libs/cocos2d/ccShader_PositionTextureColorAlphaTest_frag.h; sourceTree = "<group>"; };
		A663790315ED50F2004A7D3D /* CCShaderCache.h */ = {isa = PBXFileReference; name = CCShaderCache.h; path = libs/cocos2d/CCShaderCache.h; sourceTree = "<group>"; };
		A663790415ED50F2004A7D3D /* CCShaderCache.m */ = {isa = PBXFileReference; lastKnownFileType = sourcecode.c.objc; name = CCShaderCache.m; path = libs/cocos2d/CCShaderCache.m; sourceTree = "<group>"; };
		A663790615ED50F2004A7D3D /* ccShaders.h */ = {isa = PBXFileReference; name = ccShaders.h; path = libs/cocos2d/ccShaders.h; sourceTree = "<group>"; };
		A663790715ED50F2004A7D3D /* ccShaders.m */ = {isa = PBXFileReference; lastKnownFileType = sourcecode.c.objc; name = ccShaders.m; path = libs/cocos2d/ccShaders.m; sourceTree = "<group>"; };
		A663790915ED50F2004A7D3D /* CCSprite.h */ = {isa = PBXFileReference; name = CCSprite.h; path = libs/cocos2d/CCSprite.h; sourceTree = "<group>"; };
		A663790A15ED50F2004A7D3D /* CCSprite.m */ = {isa = PBXFileReference; lastKnownFileType = sourcecode.c.objc; name = CCSprite.m; path = libs/cocos2d/CCSprite.m; sourceTree = "<group>"; };
		A663790C15ED50F2004A7D3D /* CCSpriteBatchNode.h */ = {isa = PBXFileReference; name = CCSpriteBatchNode.h; path = libs/cocos2d/CCSpriteBatchNode.h; sourceTree = "<group>"; };
		A663790D15ED50F2004A7D3D /* CCSpriteBatchNode.m */ = {isa = PBXFileReference; lastKnownFileType = sourcecode.c.objc; name = CCSpriteBatchNode.m; path = libs/cocos2d/CCSpriteBatchNode.m; sourceTree = "<group>"; };
		A663790F15ED50F2004A7D3D /* CCSpriteFrame.h */ = {isa = PBXFileReference; name = CCSpriteFrame.h; path = libs/cocos2d/CCSpriteFrame.h; sourceTree = "<group>"; };
		A663791015ED50F2004A7D3D /* CCSpriteFrame.m */ = {isa = PBXFileReference; lastKnownFileType = sourcecode.c.objc; name = CCSpriteFrame.m; path = libs/cocos2d/CCSpriteFrame.m; sourceTree = "<group>"; };
		A663791215ED50F2004A7D3D /* CCSpriteFrameCache.h */ = {isa = PBXFileReference; name = CCSpriteFrameCache.h; path = libs/cocos2d/CCSpriteFrameCache.h; sourceTree = "<group>"; };
		A663791315ED50F2004A7D3D /* CCSpriteFrameCache.m */ = {isa = PBXFileReference; lastKnownFileType = sourcecode.c.objc; name = CCSpriteFrameCache.m; path = libs/cocos2d/CCSpriteFrameCache.m; sourceTree = "<group>"; };
		A663791515ED50F2004A7D3D /* CCTexture2D.h */ = {isa = PBXFileReference; name = CCTexture2D.h; path = libs/cocos2d/CCTexture2D.h; sourceTree = "<group>"; };
		A663791615ED50F2004A7D3D /* CCTexture2D.m */ = {isa = PBXFileReference; lastKnownFileType = sourcecode.c.objc; name = CCTexture2D.m; path = libs/cocos2d/CCTexture2D.m; sourceTree = "<group>"; };
		A663791815ED50F2004A7D3D /* CCTextureAtlas.h */ = {isa = PBXFileReference; name = CCTextureAtlas.h; path = libs/cocos2d/CCTextureAtlas.h; sourceTree = "<group>"; };
		A663791915ED50F2004A7D3D /* CCTextureAtlas.m */ = {isa = PBXFileReference; lastKnownFileType = sourcecode.c.objc; name = CCTextureAtlas.m; path = libs/cocos2d/CCTextureAtlas.m; sourceTree = "<group>"; };
		A663791B15ED50F2004A7D3D /* CCTextureCache.h */ = {isa = PBXFileReference; name = CCTextureCache.h; path = libs/cocos2d/CCTextureCache.h; sourceTree = "<group>"; };
		A663791C15ED50F2004A7D3D /* CCTextureCache.m */ = {isa = PBXFileReference; lastKnownFileType = sourcecode.c.objc; name = CCTextureCache.m; path = libs/cocos2d/CCTextureCache.m; sourceTree = "<group>"; };
		A663791E15ED50F2004A7D3D /* CCTexturePVR.h */ = {isa = PBXFileReference; name = CCTexturePVR.h; path = libs/cocos2d/CCTexturePVR.h; sourceTree = "<group>"; };
		A663791F15ED50F3004A7D3D /* CCTexturePVR.m */ = {isa = PBXFileReference; lastKnownFileType = sourcecode.c.objc; name = CCTexturePVR.m; path = libs/cocos2d/CCTexturePVR.m; sourceTree = "<group>"; };
		A663792115ED50F3004A7D3D /* CCTileMapAtlas.h */ = {isa = PBXFileReference; name = CCTileMapAtlas.h; path = libs/cocos2d/CCTileMapAtlas.h; sourceTree = "<group>"; };
		A663792215ED50F3004A7D3D /* CCTileMapAtlas.m */ = {isa = PBXFileReference; lastKnownFileType = sourcecode.c.objc; name = CCTileMapAtlas.m; path = libs/cocos2d/CCTileMapAtlas.m; sourceTree = "<group>"; };
		A663792415ED50F3004A7D3D /* CCTMXLayer.h */ = {isa = PBXFileReference; name = CCTMXLayer.h; path = libs/cocos2d/CCTMXLayer.h; sourceTree = "<group>"; };
		A663792515ED50F3004A7D3D /* CCTMXLayer.m */ = {isa = PBXFileReference; lastKnownFileType = sourcecode.c.objc; name = CCTMXLayer.m; path = libs/cocos2d/CCTMXLayer.m; sourceTree = "<group>"; };
		A663792715ED50F3004A7D3D /* CCTMXObjectGroup.h */ = {isa = PBXFileReference; name = CCTMXObjectGroup.h; path = libs/cocos2d/CCTMXObjectGroup.h; sourceTree = "<group>"; };
		A663792815ED50F3004A7D3D /* CCTMXObjectGroup.m */ = {isa = PBXFileReference; lastKnownFileType = sourcecode.c.objc; name = CCTMXObjectGroup.m; path = libs/cocos2d/CCTMXObjectGroup.m; sourceTree = "<group>"; };
		A663792A15ED50F3004A7D3D /* CCTMXTiledMap.h */ = {isa = PBXFileReference; name = CCTMXTiledMap.h; path = libs/cocos2d/CCTMXTiledMap.h; sourceTree = "<group>"; };
		A663792B15ED50F3004A7D3D /* CCTMXTiledMap.m */ = {isa = PBXFileReference; lastKnownFileType = sourcecode.c.objc; name = CCTMXTiledMap.m; path = libs/cocos2d/CCTMXTiledMap.m; sourceTree = "<group>"; };
		A663792D15ED50F3004A7D3D /* CCTMXXMLParser.h */ = {isa = PBXFileReference; name = CCTMXXMLParser.h; path = libs/cocos2d/CCTMXXMLParser.h; sourceTree = "<group>"; };
		A663792E15ED50F3004A7D3D /* CCTMXXMLParser.m */ = {isa = PBXFileReference; lastKnownFileType = sourcecode.c.objc; name = CCTMXXMLParser.m; path = libs/cocos2d/CCTMXXMLParser.m; sourceTree = "<group>"; };
		A663793015ED50F3004A7D3D /* CCTransition.h */ = {isa = PBXFileReference; name = CCTransition.h; path = libs/cocos2d/CCTransition.h; sourceTree = "<group>"; };
		A663793115ED50F3004A7D3D /* CCTransition.m */ = {isa = PBXFileReference; lastKnownFileType = sourcecode.c.objc; name = CCTransition.m; path = libs/cocos2d/CCTransition.m; sourceTree = "<group>"; };
		A663793315ED50F3004A7D3D /* CCTransitionPageTurn.h */ = {isa = PBXFileReference; name = CCTransitionPageTurn.h; path = libs/cocos2d/CCTransitionPageTurn.h; sourceTree = "<group>"; };
		A663793415ED50F3004A7D3D /* CCTransitionPageTurn.m */ = {isa = PBXFileReference; lastKnownFileType = sourcecode.c.objc; name = CCTransitionPageTurn.m; path = libs/cocos2d/CCTransitionPageTurn.m; sourceTree = "<group>"; };
		A663793615ED50F3004A7D3D /* CCTransitionProgress.h */ = {isa = PBXFileReference; name = CCTransitionProgress.h; path = libs/cocos2d/CCTransitionProgress.h; sourceTree = "<group>"; };
		A663793715ED50F3004A7D3D /* CCTransitionProgress.m */ = {isa = PBXFileReference; lastKnownFileType = sourcecode.c.objc; name = CCTransitionProgress.m; path = libs/cocos2d/CCTransitionProgress.m; sourceTree = "<group>"; };
		A663793915ED50F3004A7D3D /* ccTypes.h */ = {isa = PBXFileReference; name = ccTypes.h; path = libs/cocos2d/ccTypes.h; sourceTree = "<group>"; };
		A663793A15ED50F3004A7D3D /* cocos2d.h */ = {isa = PBXFileReference; name = cocos2d.h; path = libs/cocos2d/cocos2d.h; sourceTree = "<group>"; };
		A663793B15ED50F3004A7D3D /* cocos2d.m */ = {isa = PBXFileReference; lastKnownFileType = sourcecode.c.objc; name = cocos2d.m; path = libs/cocos2d/cocos2d.m; sourceTree = "<group>"; };
		A663793E15ED50F3004A7D3D /* CCGL.h */ = {isa = PBXFileReference; name = CCGL.h; path = libs/cocos2d/Platforms/CCGL.h; sourceTree = "<group>"; };
		A663793F15ED50F3004A7D3D /* CCNS.h */ = {isa = PBXFileReference; name = CCNS.h; path = libs/cocos2d/Platforms/CCNS.h; sourceTree = "<group>"; };
		A663794115ED50F3004A7D3D /* CCDirectorIOS.h */ = {isa = PBXFileReference; name = CCDirectorIOS.h; path = libs/cocos2d/Platforms/iOS/CCDirectorIOS.h; sourceTree = "<group>"; };
		A663794215ED50F3004A7D3D /* CCDirectorIOS.m */ = {isa = PBXFileReference; lastKnownFileType = sourcecode.c.objc; name = CCDirectorIOS.m; path = libs/cocos2d/Platforms/iOS/CCDirectorIOS.m; sourceTree = "<group>"; };
		A663794415ED50F3004A7D3D /* CCES2Renderer.h */ = {isa = PBXFileReference; name = CCES2Renderer.h; path = libs/cocos2d/Platforms/iOS/CCES2Renderer.h; sourceTree = "<group>"; };
		A663794515ED50F3004A7D3D /* CCES2Renderer.m */ = {isa = PBXFileReference; lastKnownFileType = sourcecode.c.objc; name = CCES2Renderer.m; path = libs/cocos2d/Platforms/iOS/CCES2Renderer.m; sourceTree = "<group>"; };
		A663794715ED50F3004A7D3D /* CCESRenderer.h */ = {isa = PBXFileReference; name = CCESRenderer.h; path = libs/cocos2d/Platforms/iOS/CCESRenderer.h; sourceTree = "<group>"; };
		A663794815ED50F3004A7D3D /* CCGLView.h */ = {isa = PBXFileReference; name = CCGLView.h; path = libs/cocos2d/Platforms/iOS/CCGLView.h; sourceTree = "<group>"; };
		A663794915ED50F3004A7D3D /* CCGLView.m */ = {isa = PBXFileReference; lastKnownFileType = sourcecode.c.objc; name = CCGLView.m; path = libs/cocos2d/Platforms/iOS/CCGLView.m; sourceTree = "<group>"; };
		A663794B15ED50F3004A7D3D /* CCTouchDelegateProtocol.h */ = {isa = PBXFileReference; name = CCTouchDelegateProtocol.h; path = libs/cocos2d/Platforms/iOS/CCTouchDelegateProtocol.h; sourceTree = "<group>"; };
		A663794C15ED50F3004A7D3D /* CCTouchDispatcher.h */ = {isa = PBXFileReference; name = CCTouchDispatcher.h; path = libs/cocos2d/Platforms/iOS/CCTouchDispatcher.h; sourceTree = "<group>"; };
		A663794D15ED50F3004A7D3D /* CCTouchDispatcher.m */ = {isa = PBXFileReference; lastKnownFileType = sourcecode.c.objc; name = CCTouchDispatcher.m; path = libs/cocos2d/Platforms/iOS/CCTouchDispatcher.m; sourceTree = "<group>"; };
		A663794F15ED50F3004A7D3D /* CCTouchHandler.h */ = {isa = PBXFileReference; name = CCTouchHandler.h; path = libs/cocos2d/Platforms/iOS/CCTouchHandler.h; sourceTree = "<group>"; };
		A663795015ED50F3004A7D3D /* CCTouchHandler.m */ = {isa = PBXFileReference; lastKnownFileType = sourcecode.c.objc; name = CCTouchHandler.m; path = libs/cocos2d/Platforms/iOS/CCTouchHandler.m; sourceTree = "<group>"; };
		A663795315ED50F3004A7D3D /* CCDirectorMac.h */ = {isa = PBXFileReference; name = CCDirectorMac.h; path = libs/cocos2d/Platforms/Mac/CCDirectorMac.h; sourceTree = "<group>"; };
		A663795415ED50F3004A7D3D /* CCDirectorMac.m */ = {isa = PBXFileReference; lastKnownFileType = sourcecode.c.objc; name = CCDirectorMac.m; path = libs/cocos2d/Platforms/Mac/CCDirectorMac.m; sourceTree = "<group>"; };
		A663795615ED50F3004A7D3D /* CCEventDispatcher.h */ = {isa = PBXFileReference; name = CCEventDispatcher.h; path = libs/cocos2d/Platforms/Mac/CCEventDispatcher.h; sourceTree = "<group>"; };
		A663795715ED50F3004A7D3D /* CCEventDispatcher.m */ = {isa = PBXFileReference; lastKnownFileType = sourcecode.c.objc; name = CCEventDispatcher.m; path = libs/cocos2d/Platforms/Mac/CCEventDispatcher.m; sourceTree = "<group>"; };
		A663795915ED50F3004A7D3D /* CCGLView.h */ = {isa = PBXFileReference; name = CCGLView.h; path = libs/cocos2d/Platforms/Mac/CCGLView.h; sourceTree = "<group>"; };
		A663795A15ED50F3004A7D3D /* CCGLView.m */ = {isa = PBXFileReference; lastKnownFileType = sourcecode.c.objc; name = CCGLView.m; path = libs/cocos2d/Platforms/Mac/CCGLView.m; sourceTree = "<group>"; };
		A663795C15ED50F3004A7D3D /* CCWindow.h */ = {isa = PBXFileReference; name = CCWindow.h; path = libs/cocos2d/Platforms/Mac/CCWindow.h; sourceTree = "<group>"; };
		A663795D15ED50F3004A7D3D /* CCWindow.m */ = {isa = PBXFileReference; lastKnownFileType = sourcecode.c.objc; name = CCWindow.m; path = libs/cocos2d/Platforms/Mac/CCWindow.m; sourceTree = "<group>"; };
		A663796015ED50F3004A7D3D /* base64.c */ = {isa = PBXFileReference; lastKnownFileType = sourcecode.c.c; name = base64.c; path = libs/cocos2d/Support/base64.c; sourceTree = "<group>"; };
		A663796215ED50F3004A7D3D /* base64.h */ = {isa = PBXFileReference; name = base64.h; path = libs/cocos2d/Support/base64.h; sourceTree = "<group>"; };
		A663796315ED50F3004A7D3D /* CCArray.h */ = {isa = PBXFileReference; name = CCArray.h; path = libs/cocos2d/Support/CCArray.h; sourceTree = "<group>"; };
		A663796415ED50F3004A7D3D /* CCArray.m */ = {isa = PBXFileReference; lastKnownFileType = sourcecode.c.objc; name = CCArray.m; path = libs/cocos2d/Support/CCArray.m; sourceTree = "<group>"; };
		A663796615ED50F3004A7D3D /* ccCArray.h */ = {isa = PBXFileReference; name = ccCArray.h; path = libs/cocos2d/Support/ccCArray.h; sourceTree = "<group>"; };
		A663796715ED50F3004A7D3D /* ccCArray.m */ = {isa = PBXFileReference; lastKnownFileType = sourcecode.c.objc; name = ccCArray.m; path = libs/cocos2d/Support/ccCArray.m; sourceTree = "<group>"; };
		A663796915ED50F3004A7D3D /* CCFileUtils.h */ = {isa = PBXFileReference; name = CCFileUtils.h; path = libs/cocos2d/Support/CCFileUtils.h; sourceTree = "<group>"; };
		A663796A15ED50F3004A7D3D /* CCFileUtils.m */ = {isa = PBXFileReference; lastKnownFileType = sourcecode.c.objc; name = CCFileUtils.m; path = libs/cocos2d/Support/CCFileUtils.m; sourceTree = "<group>"; };
		A663796C15ED50F3004A7D3D /* CCProfiling.h */ = {isa = PBXFileReference; name = CCProfiling.h; path = libs/cocos2d/Support/CCProfiling.h; sourceTree = "<group>"; };
		A663796D15ED50F3004A7D3D /* CCProfiling.m */ = {isa = PBXFileReference; lastKnownFileType = sourcecode.c.objc; name = CCProfiling.m; path = libs/cocos2d/Support/CCProfiling.m; sourceTree = "<group>"; };
		A663796F15ED50F3004A7D3D /* ccUtils.c */ = {isa = PBXFileReference; lastKnownFileType = sourcecode.c.c; name = ccUtils.c; path = libs/cocos2d/Support/ccUtils.c; sourceTree = "<group>"; };
		A663797115ED50F3004A7D3D /* ccUtils.h */ = {isa = PBXFileReference; name = ccUtils.h; path = libs/cocos2d/Support/ccUtils.h; sourceTree = "<group>"; };
		A663797215ED50F3004A7D3D /* CCVertex.h */ = {isa = PBXFileReference; name = CCVertex.h; path = libs/cocos2d/Support/CCVertex.h; sourceTree = "<group>"; };
		A663797315ED50F3004A7D3D /* CCVertex.m */ = {isa = PBXFileReference; lastKnownFileType = sourcecode.c.objc; name = CCVertex.m; path = libs/cocos2d/Support/CCVertex.m; sourceTree = "<group>"; };
		A663797515ED50F3004A7D3D /* CGPointExtension.h */ = {isa = PBXFileReference; name = CGPointExtension.h; path = libs/cocos2d/Support/CGPointExtension.h; sourceTree = "<group>"; };
		A663797615ED50F3004A7D3D /* CGPointExtension.m */ = {isa = PBXFileReference; lastKnownFileType = sourcecode.c.objc; name = CGPointExtension.m; path = libs/cocos2d/Support/CGPointExtension.m; sourceTree = "<group>"; };
		A663797815ED50F3004A7D3D /* NSThread+performBlock.h */ = {isa = PBXFileReference; name = "NSThread+performBlock.h"; path = "libs/cocos2d/Support/NSThread+performBlock.h"; sourceTree = "<group>"; };
		A663797915ED50F3004A7D3D /* NSThread+performBlock.m */ = {isa = PBXFileReference; lastKnownFileType = sourcecode.c.objc; name = "NSThread+performBlock.m"; path = "libs/cocos2d/Support/NSThread+performBlock.m"; sourceTree = "<group>"; };
		A663797B15ED50F3004A7D3D /* OpenGL_Internal.h */ = {isa = PBXFileReference; name = OpenGL_Internal.h; path = libs/cocos2d/Support/OpenGL_Internal.h; sourceTree = "<group>"; };
		A663797C15ED50F3004A7D3D /* TGAlib.h */ = {isa = PBXFileReference; name = TGAlib.h; path = libs/cocos2d/Support/TGAlib.h; sourceTree = "<group>"; };
		A663797D15ED50F3004A7D3D /* TGAlib.m */ = {isa = PBXFileReference; lastKnownFileType = sourcecode.c.objc; name = TGAlib.m; path = libs/cocos2d/Support/TGAlib.m; sourceTree = "<group>"; };
		A663797F15ED50F3004A7D3D /* TransformUtils.h */ = {isa = PBXFileReference; name = TransformUtils.h; path = libs/cocos2d/Support/TransformUtils.h; sourceTree = "<group>"; };
		A663798015ED50F3004A7D3D /* TransformUtils.m */ = {isa = PBXFileReference; lastKnownFileType = sourcecode.c.objc; name = TransformUtils.m; path = libs/cocos2d/Support/TransformUtils.m; sourceTree = "<group>"; };
		A663798215ED50F3004A7D3D /* uthash.h */ = {isa = PBXFileReference; name = uthash.h; path = libs/cocos2d/Support/uthash.h; sourceTree = "<group>"; };
		A663798315ED50F3004A7D3D /* utlist.h */ = {isa = PBXFileReference; name = utlist.h; path = libs/cocos2d/Support/utlist.h; sourceTree = "<group>"; };
		A663798415ED50F3004A7D3D /* ZipUtils.h */ = {isa = PBXFileReference; name = ZipUtils.h; path = libs/cocos2d/Support/ZipUtils.h; sourceTree = "<group>"; };
		A663798515ED50F3004A7D3D /* ZipUtils.m */ = {isa = PBXFileReference; lastKnownFileType = sourcecode.c.objc; name = ZipUtils.m; path = libs/cocos2d/Support/ZipUtils.m; sourceTree = "<group>"; };
		A663798715ED50F3004A7D3D /* LICENSE_cocos2d.txt */ = {isa = PBXFileReference; name = LICENSE_cocos2d.txt; path = libs/LICENSE_cocos2d.txt; sourceTree = "<group>"; };
		A663798915ED50F3004A7D3D /* CDAudioManager.h */ = {isa = PBXFileReference; name = CDAudioManager.h; path = libs/CocosDenshion/CDAudioManager.h; sourceTree = "<group>"; };
		A663798A15ED50F3004A7D3D /* CDAudioManager.m */ = {isa = PBXFileReference; lastKnownFileType = sourcecode.c.objc; name = CDAudioManager.m; path = libs/CocosDenshion/CDAudioManager.m; sourceTree = "<group>"; };
		A663798C15ED50F3004A7D3D /* CDConfig.h */ = {isa = PBXFileReference; name = CDConfig.h; path = libs/CocosDenshion/CDConfig.h; sourceTree = "<group>"; };
		A663798D15ED50F3004A7D3D /* CDOpenALSupport.h */ = {isa = PBXFileReference; name = CDOpenALSupport.h; path = libs/CocosDenshion/CDOpenALSupport.h; sourceTree = "<group>"; };
		A663798E15ED50F3004A7D3D /* CDOpenALSupport.m */ = {isa = PBXFileReference; lastKnownFileType = sourcecode.c.objc; name = CDOpenALSupport.m; path = libs/CocosDenshion/CDOpenALSupport.m; sourceTree = "<group>"; };
		A663799015ED50F3004A7D3D /* CocosDenshion.h */ = {isa = PBXFileReference; name = CocosDenshion.h; path = libs/CocosDenshion/CocosDenshion.h; sourceTree = "<group>"; };
		A663799115ED50F3004A7D3D /* CocosDenshion.m */ = {isa = PBXFileReference; lastKnownFileType = sourcecode.c.objc; name = CocosDenshion.m; path = libs/CocosDenshion/CocosDenshion.m; sourceTree = "<group>"; };
		A663799315ED50F3004A7D3D /* SimpleAudioEngine.h */ = {isa = PBXFileReference; name = SimpleAudioEngine.h; path = libs/CocosDenshion/SimpleAudioEngine.h; sourceTree = "<group>"; };
		A663799415ED50F3004A7D3D /* SimpleAudioEngine.m */ = {isa = PBXFileReference; lastKnownFileType = sourcecode.c.objc; name = SimpleAudioEngine.m; path = libs/CocosDenshion/SimpleAudioEngine.m; sourceTree = "<group>"; };
		A663799615ED50F3004A7D3D /* LICENSE_CocosDenshion.txt */ = {isa = PBXFileReference; name = LICENSE_CocosDenshion.txt; path = libs/LICENSE_CocosDenshion.txt; sourceTree = "<group>"; };
		A663799A15ED50F4004A7D3D /* aabb.h */ = {isa = PBXFileReference; name = aabb.h; path = libs/kazmath/include/kazmath/aabb.h; sourceTree = "<group>"; };
		A663799C15ED50F4004A7D3D /* mat4stack.h */ = {isa = PBXFileReference; name = mat4stack.h; path = libs/kazmath/include/kazmath/GL/mat4stack.h; sourceTree = "<group>"; };
		A663799D15ED50F4004A7D3D /* matrix.h */ = {isa = PBXFileReference; name = matrix.h; path = libs/kazmath/include/kazmath/GL/matrix.h; sourceTree = "<group>"; };
		A663799E15ED50F4004A7D3D /* kazmath.h */ = {isa = PBXFileReference; name = kazmath.h; path = libs/kazmath/include/kazmath/kazmath.h; sourceTree = "<group>"; };
		A663799F15ED50F4004A7D3D /* mat3.h */ = {isa = PBXFileReference; name = mat3.h; path = libs/kazmath/include/kazmath/mat3.h; sourceTree = "<group>"; };
		A66379A015ED50F4004A7D3D /* mat4.h */ = {isa = PBXFileReference; name = mat4.h; path = libs/kazmath/include/kazmath/mat4.h; sourceTree = "<group>"; };
		A66379A115ED50F4004A7D3D /* neon_matrix_impl.h */ = {isa = PBXFileReference; name = neon_matrix_impl.h; path = libs/kazmath/include/kazmath/neon_matrix_impl.h; sourceTree = "<group>"; };
		A66379A215ED50F4004A7D3D /* plane.h */ = {isa = PBXFileReference; name = plane.h; path = libs/kazmath/include/kazmath/plane.h; sourceTree = "<group>"; };
		A66379A315ED50F4004A7D3D /* quaternion.h */ = {isa = PBXFileReference; name = quaternion.h; path = libs/kazmath/include/kazmath/quaternion.h; sourceTree = "<group>"; };
		A66379A415ED50F4004A7D3D /* ray2.h */ = {isa = PBXFileReference; name = ray2.h; path = libs/kazmath/include/kazmath/ray2.h; sourceTree = "<group>"; };
		A66379A515ED50F4004A7D3D /* utility.h */ = {isa = PBXFileReference; name = utility.h; path = libs/kazmath/include/kazmath/utility.h; sourceTree = "<group>"; };
		A66379A615ED50F4004A7D3D /* vec2.h */ = {isa = PBXFileReference; name = vec2.h; path = libs/kazmath/include/kazmath/vec2.h; sourceTree = "<group>"; };
		A66379A715ED50F4004A7D3D /* vec3.h */ = {isa = PBXFileReference; name = vec3.h; path = libs/kazmath/include/kazmath/vec3.h; sourceTree = "<group>"; };
		A66379A815ED50F4004A7D3D /* vec4.h */ = {isa = PBXFileReference; name = vec4.h; path = libs/kazmath/include/kazmath/vec4.h; sourceTree = "<group>"; };
		A66379AA15ED50F4004A7D3D /* aabb.c */ = {isa = PBXFileReference; lastKnownFileType = sourcecode.c.c; name = aabb.c; path = libs/kazmath/src/aabb.c; sourceTree = "<group>"; };
		A66379AC15ED50F4004A7D3D /* ChangeLog */ = {isa = PBXFileReference; lastKnownFileType = text; name = ChangeLog; path = libs/kazmath/src/ChangeLog; sourceTree = "<group>"; };
		A66379AE15ED50F4004A7D3D /* CMakeLists.txt */ = {isa = PBXFileReference; name = CMakeLists.txt; path = libs/kazmath/src/CMakeLists.txt; sourceTree = "<group>"; };
		A66379B015ED50F4004A7D3D /* mat4stack.c */ = {isa = PBXFileReference; lastKnownFileType = sourcecode.c.c; name = mat4stack.c; path = libs/kazmath/src/GL/mat4stack.c; sourceTree = "<group>"; };
		A66379B215ED50F4004A7D3D /* matrix.c */ = {isa = PBXFileReference; lastKnownFileType = sourcecode.c.c; name = matrix.c; path = libs/kazmath/src/GL/matrix.c; sourceTree = "<group>"; };
		A66379B415ED50F4004A7D3D /* mat3.c */ = {isa = PBXFileReference; lastKnownFileType = sourcecode.c.c; name = mat3.c; path = libs/kazmath/src/mat3.c; sourceTree = "<group>"; };
		A66379B615ED50F4004A7D3D /* mat4.c */ = {isa = PBXFileReference; lastKnownFileType = sourcecode.c.c; name = mat4.c; path = libs/kazmath/src/mat4.c; sourceTree = "<group>"; };
		A66379B815ED50F4004A7D3D /* neon_matrix_impl.c */ = {isa = PBXFileReference; lastKnownFileType = sourcecode.c.c; name = neon_matrix_impl.c; path = libs/kazmath/src/neon_matrix_impl.c; sourceTree = "<group>"; };
		A66379BA15ED50F4004A7D3D /* plane.c */ = {isa = PBXFileReference; lastKnownFileType = sourcecode.c.c; name = plane.c; path = libs/kazmath/src/plane.c; sourceTree = "<group>"; };
		A66379BC15ED50F4004A7D3D /* quaternion.c */ = {isa = PBXFileReference; lastKnownFileType = sourcecode.c.c; name = quaternion.c; path = libs/kazmath/src/quaternion.c; sourceTree = "<group>"; };
		A66379BE15ED50F4004A7D3D /* ray2.c */ = {isa = PBXFileReference; lastKnownFileType = sourcecode.c.c; name = ray2.c; path = libs/kazmath/src/ray2.c; sourceTree = "<group>"; };
		A66379C015ED50F4004A7D3D /* utility.c */ = {isa = PBXFileReference; lastKnownFileType = sourcecode.c.c; name = utility.c; path = libs/kazmath/src/utility.c; sourceTree = "<group>"; };
		A66379C215ED50F4004A7D3D /* vec2.c */ = {isa = PBXFileReference; lastKnownFileType = sourcecode.c.c; name = vec2.c; path = libs/kazmath/src/vec2.c; sourceTree = "<group>"; };
		A66379C415ED50F4004A7D3D /* vec3.c */ = {isa = PBXFileReference; lastKnownFileType = sourcecode.c.c; name = vec3.c; path = libs/kazmath/src/vec3.c; sourceTree = "<group>"; };
		A66379C615ED50F4004A7D3D /* vec4.c */ = {isa = PBXFileReference; lastKnownFileType = sourcecode.c.c; name = vec4.c; path = libs/kazmath/src/vec4.c; sourceTree = "<group>"; };
		A66379C815ED50F4004A7D3D /* LICENSE_Kazmath.txt */ = {isa = PBXFileReference; name = LICENSE_Kazmath.txt; path = libs/LICENSE_Kazmath.txt; sourceTree = "<group>"; };
		A66379CA15ED50F4004A7D3D /* Prefix.pch */ = {isa = PBXFileReference; path = Prefix.pch; sourceTree = "<group>"; };
		A66379CB15ED50F4004A7D3D /* main.m */ = {isa = PBXFileReference; lastKnownFileType = sourcecode.c.objc; path = main.m; sourceTree = "<group>"; };
		A66379CD15ED50F4004A7D3D /* AppDelegate.h */ = {isa = PBXFileReference; path = AppDelegate.h; sourceTree = "<group>"; };
		A66379CE15ED50F4004A7D3D /* AppDelegate.m */ = {isa = PBXFileReference; lastKnownFileType = sourcecode.c.objc; path = AppDelegate.m; sourceTree = "<group>"; };
		A66379D015ED50F4004A7D3D /* HelloWorldLayer.h */ = {isa = PBXFileReference; path = HelloWorldLayer.h; sourceTree = "<group>"; };
		A66379D115ED50F4004A7D3D /* HelloWorldLayer.m */ = {isa = PBXFileReference; lastKnownFileType = sourcecode.c.objc; path = HelloWorldLayer.m; sourceTree = "<group>"; };
/* End PBXFileReference section */

/* Begin PBXFrameworksBuildPhase section */
		A663783E15ED50F1004A7D3D /* Frameworks */ = {
			isa = PBXFrameworksBuildPhase;
			buildActionMask = 2147483647;
			files = (
				A663784615ED50F1004A7D3D /* QuartzCore.framework in Frameworks */,
				A663784815ED50F1004A7D3D /* OpenGLES.framework in Frameworks */,
				A663784A15ED50F1004A7D3D /* OpenAL.framework in Frameworks */,
				A663784C15ED50F1004A7D3D /* AudioToolbox.framework in Frameworks */,
				A663784E15ED50F1004A7D3D /* AVFoundation.framework in Frameworks */,
				A663785015ED50F1004A7D3D /* UIKit.framework in Frameworks */,
				A663785215ED50F1004A7D3D /* Foundation.framework in Frameworks */,
				A663785415ED50F1004A7D3D /* CoreGraphics.framework in Frameworks */,
				A663785615ED50F1004A7D3D /* GameKit.framework in Frameworks */,
			);
			runOnlyForDeploymentPostprocessing = 0;
		};
/* End PBXFrameworksBuildPhase section */

/* Begin PBXGroup section */
		A663783615ED50F1004A7D3D = {
			isa = PBXGroup;
			children = (
				A663785715ED50F1004A7D3D /* perlin */,
				A663784415ED50F1004A7D3D /* Frameworks */,
				A663784215ED50F1004A7D3D /* Products */,
			);
			sourceTree = "<group>";
		};
		A663784215ED50F1004A7D3D /* Products */ = {
			isa = PBXGroup;
			children = (
				A663784115ED50F1004A7D3D /* perlin.app */,
			);
			name = Products;
			sourceTree = "<group>";
		};
		A663784415ED50F1004A7D3D /* Frameworks */ = {
			isa = PBXGroup;
			children = (
				A663784515ED50F1004A7D3D /* QuartzCore.framework */,
				A663784715ED50F1004A7D3D /* OpenGLES.framework */,
				A663784915ED50F1004A7D3D /* OpenAL.framework */,
				A663784B15ED50F1004A7D3D /* AudioToolbox.framework */,
				A663784D15ED50F1004A7D3D /* AVFoundation.framework */,
				A663784F15ED50F1004A7D3D /* UIKit.framework */,
				A663785115ED50F1004A7D3D /* Foundation.framework */,
				A663785315ED50F1004A7D3D /* CoreGraphics.framework */,
				A663785515ED50F1004A7D3D /* GameKit.framework */,
			);
			name = Frameworks;
			sourceTree = "<group>";
		};
		A663785715ED50F1004A7D3D /* perlin */ = {
			isa = PBXGroup;
			children = (
				A66379CD15ED50F4004A7D3D /* AppDelegate.h */,
				A66379CE15ED50F4004A7D3D /* AppDelegate.m */,
				A66379D015ED50F4004A7D3D /* HelloWorldLayer.h */,
				A66379D115ED50F4004A7D3D /* HelloWorldLayer.m */,
				A663785815ED50F1004A7D3D /* Resources */,
				A663787015ED50F1004A7D3D /* libs */,
				A66379C915ED50F4004A7D3D /* Supporting Files */,
			);
			path = perlin;
			sourceTree = "<group>";
		};
		A663785815ED50F1004A7D3D /* Resources */ = {
			isa = PBXGroup;
			children = (
				A663785915ED50F1004A7D3D /* Default.png */,
				A663785B15ED50F1004A7D3D /* fps_images.png */,
				A663785D15ED50F1004A7D3D /* fps_images-hd.png */,
				A663785F15ED50F1004A7D3D /* fps_images-ipadhd.png */,
				A663786115ED50F1004A7D3D /* Icon-72.png */,
				A663786315ED50F1004A7D3D /* Icon-Small-50.png */,
				A663786515ED50F1004A7D3D /* Icon-Small.png */,
				A663786715ED50F1004A7D3D /* Icon-Small@2x.png */,
				A663786915ED50F1004A7D3D /* Icon.png */,
				A663786B15ED50F1004A7D3D /* Icon@2x.png */,
				A663786D15ED50F1004A7D3D /* Info.plist */,
				A663786E15ED50F1004A7D3D /* iTunesArtwork */,
			);
			name = Resources;
			sourceTree = "<group>";
		};
		A663787015ED50F1004A7D3D /* libs */ = {
			isa = PBXGroup;
			children = (
				A663798715ED50F3004A7D3D /* LICENSE_cocos2d.txt */,
				A663799615ED50F3004A7D3D /* LICENSE_CocosDenshion.txt */,
				A66379C815ED50F4004A7D3D /* LICENSE_Kazmath.txt */,
				A663787115ED50F1004A7D3D /* cocos2d */,
				A663798815ED50F3004A7D3D /* CocosDenshion */,
				A663799715ED50F4004A7D3D /* kazmath */,
			);
			name = libs;
			sourceTree = "<group>";
		};
		A663787115ED50F1004A7D3D /* cocos2d */ = {
			isa = PBXGroup;
			children = (
				A663787215ED50F1004A7D3D /* CCAction.h */,
				A663787315ED50F1004A7D3D /* CCAction.m */,
				A663787515ED50F1004A7D3D /* CCActionCamera.h */,
				A663787615ED50F1004A7D3D /* CCActionCamera.m */,
				A663787815ED50F1004A7D3D /* CCActionCatmullRom.h */,
				A663787915ED50F1004A7D3D /* CCActionCatmullRom.m */,
				A663787B15ED50F1004A7D3D /* CCActionEase.h */,
				A663787C15ED50F1004A7D3D /* CCActionEase.m */,
				A663787E15ED50F1004A7D3D /* CCActionGrid.h */,
				A663787F15ED50F1004A7D3D /* CCActionGrid.m */,
				A663788115ED50F1004A7D3D /* CCActionGrid3D.h */,
				A663788215ED50F1004A7D3D /* CCActionGrid3D.m */,
				A663788415ED50F1004A7D3D /* CCActionInstant.h */,
				A663788515ED50F1004A7D3D /* CCActionInstant.m */,
				A663788715ED50F1004A7D3D /* CCActionInterval.h */,
				A663788815ED50F1004A7D3D /* CCActionInterval.m */,
				A663788A15ED50F1004A7D3D /* CCActionManager.h */,
				A663788B15ED50F1004A7D3D /* CCActionManager.m */,
				A663788D15ED50F1004A7D3D /* CCActionPageTurn3D.h */,
				A663788E15ED50F1004A7D3D /* CCActionPageTurn3D.m */,
				A663789015ED50F1004A7D3D /* CCActionProgressTimer.h */,
				A663789115ED50F1004A7D3D /* CCActionProgressTimer.m */,
				A663789315ED50F1004A7D3D /* CCActionTiledGrid.h */,
				A663789415ED50F1004A7D3D /* CCActionTiledGrid.m */,
				A663789615ED50F1004A7D3D /* CCActionTween.h */,
				A663789715ED50F1004A7D3D /* CCActionTween.m */,
				A663789915ED50F1004A7D3D /* CCAnimation.h */,
				A663789A15ED50F1004A7D3D /* CCAnimation.m */,
				A663789C15ED50F1004A7D3D /* CCAnimationCache.h */,
				A663789D15ED50F1004A7D3D /* CCAnimationCache.m */,
				A663789F15ED50F1004A7D3D /* CCAtlasNode.h */,
				A66378A015ED50F1004A7D3D /* CCAtlasNode.m */,
				A66378A215ED50F1004A7D3D /* CCCamera.h */,
				A66378A315ED50F1004A7D3D /* CCCamera.m */,
				A66378A515ED50F1004A7D3D /* ccConfig.h */,
				A66378A615ED50F1004A7D3D /* CCConfiguration.h */,
				A66378A715ED50F1004A7D3D /* CCConfiguration.m */,
				A66378A915ED50F1004A7D3D /* ccDeprecated.h */,
				A66378AA15ED50F1004A7D3D /* ccDeprecated.m */,
				A66378AC15ED50F1004A7D3D /* CCDirector.h */,
				A66378AD15ED50F1004A7D3D /* CCDirector.m */,
				A66378AF15ED50F2004A7D3D /* CCDrawingPrimitives.h */,
				A66378B015ED50F2004A7D3D /* CCDrawingPrimitives.m */,
				A66378B215ED50F2004A7D3D /* CCGLProgram.h */,
				A66378B315ED50F2004A7D3D /* CCGLProgram.m */,
				A66378B515ED50F2004A7D3D /* ccGLStateCache.h */,
				A66378B615ED50F2004A7D3D /* ccGLStateCache.m */,
				A66378B815ED50F2004A7D3D /* CCGrabber.h */,
				A66378B915ED50F2004A7D3D /* CCGrabber.m */,
				A66378BB15ED50F2004A7D3D /* CCGrid.h */,
				A66378BC15ED50F2004A7D3D /* CCGrid.m */,
				A66378BE15ED50F2004A7D3D /* CCLabelAtlas.h */,
				A66378BF15ED50F2004A7D3D /* CCLabelAtlas.m */,
				A66378C115ED50F2004A7D3D /* CCLabelBMFont.h */,
				A66378C215ED50F2004A7D3D /* CCLabelBMFont.m */,
				A66378C415ED50F2004A7D3D /* CCLabelTTF.h */,
				A66378C515ED50F2004A7D3D /* CCLabelTTF.m */,
				A66378C715ED50F2004A7D3D /* CCLayer.h */,
				A66378C815ED50F2004A7D3D /* CCLayer.m */,
				A66378CA15ED50F2004A7D3D /* ccMacros.h */,
				A66378CB15ED50F2004A7D3D /* CCMenu.h */,
				A66378CC15ED50F2004A7D3D /* CCMenu.m */,
				A66378CE15ED50F2004A7D3D /* CCMenuItem.h */,
				A66378CF15ED50F2004A7D3D /* CCMenuItem.m */,
				A66378D115ED50F2004A7D3D /* CCMotionStreak.h */,
				A66378D215ED50F2004A7D3D /* CCMotionStreak.m */,
				A66378D415ED50F2004A7D3D /* CCNode+Debug.h */,
				A66378D515ED50F2004A7D3D /* CCNode+Debug.m */,
				A66378D715ED50F2004A7D3D /* CCNode.h */,
				A66378D815ED50F2004A7D3D /* CCNode.m */,
				A66378DA15ED50F2004A7D3D /* CCParallaxNode.h */,
				A66378DB15ED50F2004A7D3D /* CCParallaxNode.m */,
				A66378DD15ED50F2004A7D3D /* CCParticleBatchNode.h */,
				A66378DE15ED50F2004A7D3D /* CCParticleBatchNode.m */,
				A66378E015ED50F2004A7D3D /* CCParticleExamples.h */,
				A66378E115ED50F2004A7D3D /* CCParticleExamples.m */,
				A66378E315ED50F2004A7D3D /* CCParticleSystem.h */,
				A66378E415ED50F2004A7D3D /* CCParticleSystem.m */,
				A66378E615ED50F2004A7D3D /* CCParticleSystemQuad.h */,
				A66378E715ED50F2004A7D3D /* CCParticleSystemQuad.m */,
				A66378E915ED50F2004A7D3D /* CCProgressTimer.h */,
				A66378EA15ED50F2004A7D3D /* CCProgressTimer.m */,
				A66378EC15ED50F2004A7D3D /* CCProtocols.h */,
				A66378ED15ED50F2004A7D3D /* CCRenderTexture.h */,
				A66378EE15ED50F2004A7D3D /* CCRenderTexture.m */,
				A66378F015ED50F2004A7D3D /* CCScene.h */,
				A66378F115ED50F2004A7D3D /* CCScene.m */,
				A66378F315ED50F2004A7D3D /* CCScheduler.h */,
				A66378F415ED50F2004A7D3D /* CCScheduler.m */,
				A66378F615ED50F2004A7D3D /* ccShader_Position_uColor_frag.h */,
				A66378F715ED50F2004A7D3D /* ccShader_Position_uColor_vert.h */,
				A66378F815ED50F2004A7D3D /* ccShader_PositionColor_frag.h */,
				A66378F915ED50F2004A7D3D /* ccShader_PositionColor_vert.h */,
				A66378FA15ED50F2004A7D3D /* ccShader_PositionTexture_frag.h */,
				A66378FB15ED50F2004A7D3D /* ccShader_PositionTexture_uColor_frag.h */,
				A66378FC15ED50F2004A7D3D /* ccShader_PositionTexture_uColor_vert.h */,
				A66378FD15ED50F2004A7D3D /* ccShader_PositionTexture_vert.h */,
				A66378FE15ED50F2004A7D3D /* ccShader_PositionTextureA8Color_frag.h */,
				A66378FF15ED50F2004A7D3D /* ccShader_PositionTextureA8Color_vert.h */,
				A663790015ED50F2004A7D3D /* ccShader_PositionTextureColor_frag.h */,
				A663790115ED50F2004A7D3D /* ccShader_PositionTextureColor_vert.h */,
				A663790215ED50F2004A7D3D /* ccShader_PositionTextureColorAlphaTest_frag.h */,
				A663790315ED50F2004A7D3D /* CCShaderCache.h */,
				A663790415ED50F2004A7D3D /* CCShaderCache.m */,
				A663790615ED50F2004A7D3D /* ccShaders.h */,
				A663790715ED50F2004A7D3D /* ccShaders.m */,
				A663790915ED50F2004A7D3D /* CCSprite.h */,
				A663790A15ED50F2004A7D3D /* CCSprite.m */,
				A663790C15ED50F2004A7D3D /* CCSpriteBatchNode.h */,
				A663790D15ED50F2004A7D3D /* CCSpriteBatchNode.m */,
				A663790F15ED50F2004A7D3D /* CCSpriteFrame.h */,
				A663791015ED50F2004A7D3D /* CCSpriteFrame.m */,
				A663791215ED50F2004A7D3D /* CCSpriteFrameCache.h */,
				A663791315ED50F2004A7D3D /* CCSpriteFrameCache.m */,
				A663791515ED50F2004A7D3D /* CCTexture2D.h */,
				A663791615ED50F2004A7D3D /* CCTexture2D.m */,
				A663791815ED50F2004A7D3D /* CCTextureAtlas.h */,
				A663791915ED50F2004A7D3D /* CCTextureAtlas.m */,
				A663791B15ED50F2004A7D3D /* CCTextureCache.h */,
				A663791C15ED50F2004A7D3D /* CCTextureCache.m */,
				A663791E15ED50F2004A7D3D /* CCTexturePVR.h */,
				A663791F15ED50F3004A7D3D /* CCTexturePVR.m */,
				A663792115ED50F3004A7D3D /* CCTileMapAtlas.h */,
				A663792215ED50F3004A7D3D /* CCTileMapAtlas.m */,
				A663792415ED50F3004A7D3D /* CCTMXLayer.h */,
				A663792515ED50F3004A7D3D /* CCTMXLayer.m */,
				A663792715ED50F3004A7D3D /* CCTMXObjectGroup.h */,
				A663792815ED50F3004A7D3D /* CCTMXObjectGroup.m */,
				A663792A15ED50F3004A7D3D /* CCTMXTiledMap.h */,
				A663792B15ED50F3004A7D3D /* CCTMXTiledMap.m */,
				A663792D15ED50F3004A7D3D /* CCTMXXMLParser.h */,
				A663792E15ED50F3004A7D3D /* CCTMXXMLParser.m */,
				A663793015ED50F3004A7D3D /* CCTransition.h */,
				A663793115ED50F3004A7D3D /* CCTransition.m */,
				A663793315ED50F3004A7D3D /* CCTransitionPageTurn.h */,
				A663793415ED50F3004A7D3D /* CCTransitionPageTurn.m */,
				A663793615ED50F3004A7D3D /* CCTransitionProgress.h */,
				A663793715ED50F3004A7D3D /* CCTransitionProgress.m */,
				A663793915ED50F3004A7D3D /* ccTypes.h */,
				A663793A15ED50F3004A7D3D /* cocos2d.h */,
				A663793B15ED50F3004A7D3D /* cocos2d.m */,
				A663793D15ED50F3004A7D3D /* Platforms */,
				A663795F15ED50F3004A7D3D /* Support */,
			);
			name = cocos2d;
			sourceTree = "<group>";
		};
		A663793D15ED50F3004A7D3D /* Platforms */ = {
			isa = PBXGroup;
			children = (
				A663793E15ED50F3004A7D3D /* CCGL.h */,
				A663793F15ED50F3004A7D3D /* CCNS.h */,
				A663794015ED50F3004A7D3D /* iOS */,
				A663795215ED50F3004A7D3D /* Mac */,
			);
			name = Platforms;
			sourceTree = "<group>";
		};
		A663794015ED50F3004A7D3D /* iOS */ = {
			isa = PBXGroup;
			children = (
				A663794115ED50F3004A7D3D /* CCDirectorIOS.h */,
				A663794215ED50F3004A7D3D /* CCDirectorIOS.m */,
				A663794415ED50F3004A7D3D /* CCES2Renderer.h */,
				A663794515ED50F3004A7D3D /* CCES2Renderer.m */,
				A663794715ED50F3004A7D3D /* CCESRenderer.h */,
				A663794815ED50F3004A7D3D /* CCGLView.h */,
				A663794915ED50F3004A7D3D /* CCGLView.m */,
				A663794B15ED50F3004A7D3D /* CCTouchDelegateProtocol.h */,
				A663794C15ED50F3004A7D3D /* CCTouchDispatcher.h */,
				A663794D15ED50F3004A7D3D /* CCTouchDispatcher.m */,
				A663794F15ED50F3004A7D3D /* CCTouchHandler.h */,
				A663795015ED50F3004A7D3D /* CCTouchHandler.m */,
			);
			name = iOS;
			sourceTree = "<group>";
		};
		A663795215ED50F3004A7D3D /* Mac */ = {
			isa = PBXGroup;
			children = (
				A663795315ED50F3004A7D3D /* CCDirectorMac.h */,
				A663795415ED50F3004A7D3D /* CCDirectorMac.m */,
				A663795615ED50F3004A7D3D /* CCEventDispatcher.h */,
				A663795715ED50F3004A7D3D /* CCEventDispatcher.m */,
				A663795915ED50F3004A7D3D /* CCGLView.h */,
				A663795A15ED50F3004A7D3D /* CCGLView.m */,
				A663795C15ED50F3004A7D3D /* CCWindow.h */,
				A663795D15ED50F3004A7D3D /* CCWindow.m */,
			);
			name = Mac;
			sourceTree = "<group>";
		};
		A663795F15ED50F3004A7D3D /* Support */ = {
			isa = PBXGroup;
			children = (
				A663796015ED50F3004A7D3D /* base64.c */,
				A663796215ED50F3004A7D3D /* base64.h */,
				A663796315ED50F3004A7D3D /* CCArray.h */,
				A663796415ED50F3004A7D3D /* CCArray.m */,
				A663796615ED50F3004A7D3D /* ccCArray.h */,
				A663796715ED50F3004A7D3D /* ccCArray.m */,
				A663796915ED50F3004A7D3D /* CCFileUtils.h */,
				A663796A15ED50F3004A7D3D /* CCFileUtils.m */,
				A663796C15ED50F3004A7D3D /* CCProfiling.h */,
				A663796D15ED50F3004A7D3D /* CCProfiling.m */,
				A663796F15ED50F3004A7D3D /* ccUtils.c */,
				A663797115ED50F3004A7D3D /* ccUtils.h */,
				A663797215ED50F3004A7D3D /* CCVertex.h */,
				A663797315ED50F3004A7D3D /* CCVertex.m */,
				A663797515ED50F3004A7D3D /* CGPointExtension.h */,
				A663797615ED50F3004A7D3D /* CGPointExtension.m */,
				A663797815ED50F3004A7D3D /* NSThread+performBlock.h */,
				A663797915ED50F3004A7D3D /* NSThread+performBlock.m */,
				A663797B15ED50F3004A7D3D /* OpenGL_Internal.h */,
				A663797C15ED50F3004A7D3D /* TGAlib.h */,
				A663797D15ED50F3004A7D3D /* TGAlib.m */,
				A663797F15ED50F3004A7D3D /* TransformUtils.h */,
				A663798015ED50F3004A7D3D /* TransformUtils.m */,
				A663798215ED50F3004A7D3D /* uthash.h */,
				A663798315ED50F3004A7D3D /* utlist.h */,
				A663798415ED50F3004A7D3D /* ZipUtils.h */,
				A663798515ED50F3004A7D3D /* ZipUtils.m */,
			);
			name = Support;
			sourceTree = "<group>";
		};
		A663798815ED50F3004A7D3D /* CocosDenshion */ = {
			isa = PBXGroup;
			children = (
				A663798915ED50F3004A7D3D /* CDAudioManager.h */,
				A663798A15ED50F3004A7D3D /* CDAudioManager.m */,
				A663798C15ED50F3004A7D3D /* CDConfig.h */,
				A663798D15ED50F3004A7D3D /* CDOpenALSupport.h */,
				A663798E15ED50F3004A7D3D /* CDOpenALSupport.m */,
				A663799015ED50F3004A7D3D /* CocosDenshion.h */,
				A663799115ED50F3004A7D3D /* CocosDenshion.m */,
				A663799315ED50F3004A7D3D /* SimpleAudioEngine.h */,
				A663799415ED50F3004A7D3D /* SimpleAudioEngine.m */,
			);
			name = CocosDenshion;
			sourceTree = "<group>";
		};
		A663799715ED50F4004A7D3D /* kazmath */ = {
			isa = PBXGroup;
			children = (
				A663799815ED50F4004A7D3D /* include */,
				A66379A915ED50F4004A7D3D /* src */,
			);
			name = kazmath;
			sourceTree = "<group>";
		};
		A663799815ED50F4004A7D3D /* include */ = {
			isa = PBXGroup;
			children = (
				A663799915ED50F4004A7D3D /* kazmath */,
			);
			name = include;
			sourceTree = "<group>";
		};
		A663799915ED50F4004A7D3D /* kazmath */ = {
			isa = PBXGroup;
			children = (
				A663799A15ED50F4004A7D3D /* aabb.h */,
				A663799E15ED50F4004A7D3D /* kazmath.h */,
				A663799F15ED50F4004A7D3D /* mat3.h */,
				A66379A015ED50F4004A7D3D /* mat4.h */,
				A66379A115ED50F4004A7D3D /* neon_matrix_impl.h */,
				A66379A215ED50F4004A7D3D /* plane.h */,
				A66379A315ED50F4004A7D3D /* quaternion.h */,
				A66379A415ED50F4004A7D3D /* ray2.h */,
				A66379A515ED50F4004A7D3D /* utility.h */,
				A66379A615ED50F4004A7D3D /* vec2.h */,
				A66379A715ED50F4004A7D3D /* vec3.h */,
				A66379A815ED50F4004A7D3D /* vec4.h */,
				A663799B15ED50F4004A7D3D /* GL */,
			);
			name = kazmath;
			sourceTree = "<group>";
		};
		A663799B15ED50F4004A7D3D /* GL */ = {
			isa = PBXGroup;
			children = (
				A663799C15ED50F4004A7D3D /* mat4stack.h */,
				A663799D15ED50F4004A7D3D /* matrix.h */,
			);
			name = GL;
			sourceTree = "<group>";
		};
		A66379A915ED50F4004A7D3D /* src */ = {
			isa = PBXGroup;
			children = (
				A66379AA15ED50F4004A7D3D /* aabb.c */,
				A66379AC15ED50F4004A7D3D /* ChangeLog */,
				A66379AE15ED50F4004A7D3D /* CMakeLists.txt */,
				A66379B415ED50F4004A7D3D /* mat3.c */,
				A66379B615ED50F4004A7D3D /* mat4.c */,
				A66379B815ED50F4004A7D3D /* neon_matrix_impl.c */,
				A66379BA15ED50F4004A7D3D /* plane.c */,
				A66379BC15ED50F4004A7D3D /* quaternion.c */,
				A66379BE15ED50F4004A7D3D /* ray2.c */,
				A66379C015ED50F4004A7D3D /* utility.c */,
				A66379C215ED50F4004A7D3D /* vec2.c */,
				A66379C415ED50F4004A7D3D /* vec3.c */,
				A66379C615ED50F4004A7D3D /* vec4.c */,
				A66379AF15ED50F4004A7D3D /* GL */,
			);
			name = src;
			sourceTree = "<group>";
		};
		A66379AF15ED50F4004A7D3D /* GL */ = {
			isa = PBXGroup;
			children = (
				A66379B015ED50F4004A7D3D /* mat4stack.c */,
				A66379B215ED50F4004A7D3D /* matrix.c */,
			);
			name = GL;
			sourceTree = "<group>";
		};
		A66379C915ED50F4004A7D3D /* Supporting Files */ = {
			isa = PBXGroup;
			children = (
				A66379CA15ED50F4004A7D3D /* Prefix.pch */,
				A66379CB15ED50F4004A7D3D /* main.m */,
			);
			name = "Supporting Files";
			sourceTree = "<group>";
		};
/* End PBXGroup section */

/* Begin PBXNativeTarget section */
		A663784015ED50F1004A7D3D /* perlin */ = {
			isa = PBXNativeTarget;
			buildConfigurationList = A66379D515ED50F4004A7D3D /* Build configuration list for PBXNativeTarget "perlin" */;
			buildPhases = (
				A663783D15ED50F1004A7D3D /* Sources */,
				A663783E15ED50F1004A7D3D /* Frameworks */,
				A663783F15ED50F1004A7D3D /* Resources */,
			);
			buildRules = (
			);
			dependencies = (
			);
			name = perlin;
			productName = perlin;
			productReference = A663784115ED50F1004A7D3D /* perlin.app */;
			productType = "com.apple.product-type.application";
		};
/* End PBXNativeTarget section */

/* Begin PBXProject section */
		A663783815ED50F1004A7D3D /* Project object */ = {
			isa = PBXProject;
			attributes = {
				LastUpgradeCheck = 0430;
				ORGANIZATIONNAME = "Protec Electronics";
			};
			buildConfigurationList = A663783B15ED50F1004A7D3D /* Build configuration list for PBXProject "perlin" */;
			compatibilityVersion = "Xcode 3.2";
			developmentRegion = English;
			hasScannedForEncodings = 0;
			knownRegions = (
				en,
			);
			mainGroup = A663783615ED50F1004A7D3D;
			productRefGroup = A663784215ED50F1004A7D3D /* Products */;
			projectDirPath = "";
			projectRoot = "";
			targets = (
				A663784015ED50F1004A7D3D /* perlin */,
			);
		};
/* End PBXProject section */

/* Begin PBXResourcesBuildPhase section */
		A663783F15ED50F1004A7D3D /* Resources */ = {
			isa = PBXResourcesBuildPhase;
			buildActionMask = 2147483647;
			files = (
				A663785A15ED50F1004A7D3D /* Default.png in Resources */,
				A663785C15ED50F1004A7D3D /* fps_images.png in Resources */,
				A663785E15ED50F1004A7D3D /* fps_images-hd.png in Resources */,
				A663786015ED50F1004A7D3D /* fps_images-ipadhd.png in Resources */,
				A663786215ED50F1004A7D3D /* Icon-72.png in Resources */,
				A663786415ED50F1004A7D3D /* Icon-Small-50.png in Resources */,
				A663786615ED50F1004A7D3D /* Icon-Small.png in Resources */,
				A663786815ED50F1004A7D3D /* Icon-Small@2x.png in Resources */,
				A663786A15ED50F1004A7D3D /* Icon.png in Resources */,
				A663786C15ED50F1004A7D3D /* Icon@2x.png in Resources */,
				A663786F15ED50F1004A7D3D /* iTunesArtwork in Resources */,
				A66379AD15ED50F4004A7D3D /* ChangeLog in Resources */,
			);
			runOnlyForDeploymentPostprocessing = 0;
		};
/* End PBXResourcesBuildPhase section */

/* Begin PBXSourcesBuildPhase section */
		A663783D15ED50F1004A7D3D /* Sources */ = {
			isa = PBXSourcesBuildPhase;
			buildActionMask = 2147483647;
			files = (
				A663787415ED50F1004A7D3D /* CCAction.m in Sources */,
				A663787715ED50F1004A7D3D /* CCActionCamera.m in Sources */,
				A663787A15ED50F1004A7D3D /* CCActionCatmullRom.m in Sources */,
				A663787D15ED50F1004A7D3D /* CCActionEase.m in Sources */,
				A663788015ED50F1004A7D3D /* CCActionGrid.m in Sources */,
				A663788315ED50F1004A7D3D /* CCActionGrid3D.m in Sources */,
				A663788615ED50F1004A7D3D /* CCActionInstant.m in Sources */,
				A663788915ED50F1004A7D3D /* CCActionInterval.m in Sources */,
				A663788C15ED50F1004A7D3D /* CCActionManager.m in Sources */,
				A663788F15ED50F1004A7D3D /* CCActionPageTurn3D.m in Sources */,
				A663789215ED50F1004A7D3D /* CCActionProgressTimer.m in Sources */,
				A663789515ED50F1004A7D3D /* CCActionTiledGrid.m in Sources */,
				A663789815ED50F1004A7D3D /* CCActionTween.m in Sources */,
				A663789B15ED50F1004A7D3D /* CCAnimation.m in Sources */,
				A663789E15ED50F1004A7D3D /* CCAnimationCache.m in Sources */,
				A66378A115ED50F1004A7D3D /* CCAtlasNode.m in Sources */,
				A66378A415ED50F1004A7D3D /* CCCamera.m in Sources */,
				A66378A815ED50F1004A7D3D /* CCConfiguration.m in Sources */,
				A66378AB15ED50F1004A7D3D /* ccDeprecated.m in Sources */,
				A66378AE15ED50F1004A7D3D /* CCDirector.m in Sources */,
				A66378B115ED50F2004A7D3D /* CCDrawingPrimitives.m in Sources */,
				A66378B415ED50F2004A7D3D /* CCGLProgram.m in Sources */,
				A66378B715ED50F2004A7D3D /* ccGLStateCache.m in Sources */,
				A66378BA15ED50F2004A7D3D /* CCGrabber.m in Sources */,
				A66378BD15ED50F2004A7D3D /* CCGrid.m in Sources */,
				A66378C015ED50F2004A7D3D /* CCLabelAtlas.m in Sources */,
				A66378C315ED50F2004A7D3D /* CCLabelBMFont.m in Sources */,
				A66378C615ED50F2004A7D3D /* CCLabelTTF.m in Sources */,
				A66378C915ED50F2004A7D3D /* CCLayer.m in Sources */,
				A66378CD15ED50F2004A7D3D /* CCMenu.m in Sources */,
				A66378D015ED50F2004A7D3D /* CCMenuItem.m in Sources */,
				A66378D315ED50F2004A7D3D /* CCMotionStreak.m in Sources */,
				A66378D615ED50F2004A7D3D /* CCNode+Debug.m in Sources */,
				A66378D915ED50F2004A7D3D /* CCNode.m in Sources */,
				A66378DC15ED50F2004A7D3D /* CCParallaxNode.m in Sources */,
				A66378DF15ED50F2004A7D3D /* CCParticleBatchNode.m in Sources */,
				A66378E215ED50F2004A7D3D /* CCParticleExamples.m in Sources */,
				A66378E515ED50F2004A7D3D /* CCParticleSystem.m in Sources */,
				A66378E815ED50F2004A7D3D /* CCParticleSystemQuad.m in Sources */,
				A66378EB15ED50F2004A7D3D /* CCProgressTimer.m in Sources */,
				A66378EF15ED50F2004A7D3D /* CCRenderTexture.m in Sources */,
				A66378F215ED50F2004A7D3D /* CCScene.m in Sources */,
				A66378F515ED50F2004A7D3D /* CCScheduler.m in Sources */,
				A663790515ED50F2004A7D3D /* CCShaderCache.m in Sources */,
				A663790815ED50F2004A7D3D /* ccShaders.m in Sources */,
				A663790B15ED50F2004A7D3D /* CCSprite.m in Sources */,
				A663790E15ED50F2004A7D3D /* CCSpriteBatchNode.m in Sources */,
				A663791115ED50F2004A7D3D /* CCSpriteFrame.m in Sources */,
				A663791415ED50F2004A7D3D /* CCSpriteFrameCache.m in Sources */,
				A663791715ED50F2004A7D3D /* CCTexture2D.m in Sources */,
				A663791A15ED50F2004A7D3D /* CCTextureAtlas.m in Sources */,
				A663791D15ED50F2004A7D3D /* CCTextureCache.m in Sources */,
				A663792015ED50F3004A7D3D /* CCTexturePVR.m in Sources */,
				A663792315ED50F3004A7D3D /* CCTileMapAtlas.m in Sources */,
				A663792615ED50F3004A7D3D /* CCTMXLayer.m in Sources */,
				A663792915ED50F3004A7D3D /* CCTMXObjectGroup.m in Sources */,
				A663792C15ED50F3004A7D3D /* CCTMXTiledMap.m in Sources */,
				A663792F15ED50F3004A7D3D /* CCTMXXMLParser.m in Sources */,
				A663793215ED50F3004A7D3D /* CCTransition.m in Sources */,
				A663793515ED50F3004A7D3D /* CCTransitionPageTurn.m in Sources */,
				A663793815ED50F3004A7D3D /* CCTransitionProgress.m in Sources */,
				A663793C15ED50F3004A7D3D /* cocos2d.m in Sources */,
				A663794315ED50F3004A7D3D /* CCDirectorIOS.m in Sources */,
				A663794615ED50F3004A7D3D /* CCES2Renderer.m in Sources */,
				A663794A15ED50F3004A7D3D /* CCGLView.m in Sources */,
				A663794E15ED50F3004A7D3D /* CCTouchDispatcher.m in Sources */,
				A663795115ED50F3004A7D3D /* CCTouchHandler.m in Sources */,
				A663795515ED50F3004A7D3D /* CCDirectorMac.m in Sources */,
				A663795815ED50F3004A7D3D /* CCEventDispatcher.m in Sources */,
				A663795B15ED50F3004A7D3D /* CCGLView.m in Sources */,
				A663795E15ED50F3004A7D3D /* CCWindow.m in Sources */,
				A663796115ED50F3004A7D3D /* base64.c in Sources */,
				A663796515ED50F3004A7D3D /* CCArray.m in Sources */,
				A663796815ED50F3004A7D3D /* ccCArray.m in Sources */,
				A663796B15ED50F3004A7D3D /* CCFileUtils.m in Sources */,
				A663796E15ED50F3004A7D3D /* CCProfiling.m in Sources */,
				A663797015ED50F3004A7D3D /* ccUtils.c in Sources */,
				A663797415ED50F3004A7D3D /* CCVertex.m in Sources */,
				A663797715ED50F3004A7D3D /* CGPointExtension.m in Sources */,
				A663797A15ED50F3004A7D3D /* NSThread+performBlock.m in Sources */,
				A663797E15ED50F3004A7D3D /* TGAlib.m in Sources */,
				A663798115ED50F3004A7D3D /* TransformUtils.m in Sources */,
				A663798615ED50F3004A7D3D /* ZipUtils.m in Sources */,
				A663798B15ED50F3004A7D3D /* CDAudioManager.m in Sources */,
				A663798F15ED50F3004A7D3D /* CDOpenALSupport.m in Sources */,
				A663799215ED50F3004A7D3D /* CocosDenshion.m in Sources */,
				A663799515ED50F3004A7D3D /* SimpleAudioEngine.m in Sources */,
				A66379AB15ED50F4004A7D3D /* aabb.c in Sources */,
				A66379B115ED50F4004A7D3D /* mat4stack.c in Sources */,
				A66379B315ED50F4004A7D3D /* matrix.c in Sources */,
				A66379B515ED50F4004A7D3D /* mat3.c in Sources */,
				A66379B715ED50F4004A7D3D /* mat4.c in Sources */,
				A66379B915ED50F4004A7D3D /* neon_matrix_impl.c in Sources */,
				A66379BB15ED50F4004A7D3D /* plane.c in Sources */,
				A66379BD15ED50F4004A7D3D /* quaternion.c in Sources */,
				A66379BF15ED50F4004A7D3D /* ray2.c in Sources */,
				A66379C115ED50F4004A7D3D /* utility.c in Sources */,
				A66379C315ED50F4004A7D3D /* vec2.c in Sources */,
				A66379C515ED50F4004A7D3D /* vec3.c in Sources */,
				A66379C715ED50F4004A7D3D /* vec4.c in Sources */,
				A66379CC15ED50F4004A7D3D /* main.m in Sources */,
				A66379CF15ED50F4004A7D3D /* AppDelegate.m in Sources */,
				A66379D215ED50F4004A7D3D /* HelloWorldLayer.m in Sources */,
			);
			runOnlyForDeploymentPostprocessing = 0;
		};
/* End PBXSourcesBuildPhase section */

/* Begin XCBuildConfiguration section */
		A66379D315ED50F4004A7D3D /* Debug */ = {
			isa = XCBuildConfiguration;
			buildSettings = {
				ARCHS = "$(ARCHS_STANDARD_32_BIT)";
				"CODE_SIGN_IDENTITY[sdk=iphoneos*]" = "iPhone Developer";
				GCC_C_LANGUAGE_STANDARD = gnu99;
				GCC_OPTIMIZATION_LEVEL = 0;
				GCC_PREPROCESSOR_DEFINITIONS = (
					DEBUG,
					"COCOS2D_DEBUG=1",
				);
				GCC_SYMBOLS_PRIVATE_EXTERN = NO;
				GCC_VERSION = com.apple.compilers.llvm.clang.1_0;
				GCC_WARN_ABOUT_RETURN_TYPE = YES;
				GCC_WARN_UNUSED_VARIABLE = YES;
				IPHONEOS_DEPLOYMENT_TARGET = 4.0;
				SDKROOT = iphoneos;
				TARGETED_DEVICE_FAMILY = "1,2";
			};
			name = Debug;
		};
		A66379D415ED50F4004A7D3D /* Release */ = {
			isa = XCBuildConfiguration;
			buildSettings = {
				ARCHS = "$(ARCHS_STANDARD_32_BIT)";
				"CODE_SIGN_IDENTITY[sdk=iphoneos*]" = "iPhone Developer";
				GCC_C_LANGUAGE_STANDARD = gnu99;
				GCC_PREPROCESSOR_DEFINITIONS = (
					NDEBUG,
					"NS_BLOCK_ASSERTIONS=1",
				);
				GCC_VERSION = com.apple.compilers.llvm.clang.1_0;
				GCC_WARN_ABOUT_RETURN_TYPE = YES;
				GCC_WARN_UNUSED_VARIABLE = YES;
				IPHONEOS_DEPLOYMENT_TARGET = 4.0;
				SDKROOT = iphoneos;
				TARGETED_DEVICE_FAMILY = "1,2";
			};
			name = Release;
		};
		A66379D615ED50F4004A7D3D /* Debug */ = {
			isa = XCBuildConfiguration;
			buildSettings = {
				ALWAYS_SEARCH_USER_PATHS = NO;
				COPY_PHASE_STRIP = NO;
				GCC_DYNAMIC_NO_PIC = NO;
				GCC_PRECOMPILE_PREFIX_HEADER = YES;
				GCC_PREFIX_HEADER = perlin/Prefix.pch;
				HEADER_SEARCH_PATHS = "\"perlin/libs/kazmath/include\"";
				INFOPLIST_FILE = perlin/Resources/Info.plist;
				OTHER_LDFLAGS = (
					"-lz",
					"-ObjC",
				);
				PRODUCT_NAME = "$(TARGET_NAME)";
				WRAPPER_EXTENSION = app;
			};
			name = Debug;
		};
		A66379D715ED50F4004A7D3D /* Release */ = {
			isa = XCBuildConfiguration;
			buildSettings = {
				ALWAYS_SEARCH_USER_PATHS = NO;
				COPY_PHASE_STRIP = YES;
				GCC_PRECOMPILE_PREFIX_HEADER = YES;
				GCC_PREFIX_HEADER = perlin/Prefix.pch;
				HEADER_SEARCH_PATHS = "\"perlin/libs/kazmath/include\"";
				INFOPLIST_FILE = perlin/Resources/Info.plist;
				OTHER_LDFLAGS = (
					"-lz",
					"-ObjC",
				);
				PRODUCT_NAME = "$(TARGET_NAME)";
				VALIDATE_PRODUCT = YES;
				WRAPPER_EXTENSION = app;
			};
			name = Release;
		};
/* End XCBuildConfiguration section */

/* Begin XCConfigurationList section */
		A663783B15ED50F1004A7D3D /* Build configuration list for PBXProject "perlin" */ = {
			isa = XCConfigurationList;
			buildConfigurations = (
				A66379D315ED50F4004A7D3D /* Debug */,
				A66379D415ED50F4004A7D3D /* Release */,
			);
			defaultConfigurationIsVisible = 0;
			defaultConfigurationName = Release;
		};
		A66379D515ED50F4004A7D3D /* Build configuration list for PBXNativeTarget "perlin" */ = {
			isa = XCConfigurationList;
			buildConfigurations = (
				A66379D615ED50F4004A7D3D /* Debug */,
				A66379D715ED50F4004A7D3D /* Release */,
			);
			defaultConfigurationIsVisible = 0;
		};
/* End XCConfigurationList section */
	};
	rootObject = A663783815ED50F1004A7D3D /* Project object */;
}
